
Microsoft Visual Studio Solution File, Format Version 12.00
# Visual Studio Version 16
VisualStudioVersion = 16.0.29326.143
MinimumVisualStudioVersion = 10.0.40219.1
Project("{8BC9CEB8-8B4A-11D0-8D11-00A0C91BC942}") = "libutki", "libutki\libutki.vcxproj", "{7000D75D-4B4B-43D9-A99D-C34805558D52}"
EndProject
Project("{8BC9CEB8-8B4A-11D0-8D11-00A0C91BC942}") = "test_span", "test_Buf\test_Buf.vcxproj", "{E754668D-7C2D-449B-8AED-AA93DCD48232}"
	ProjectSection(ProjectDependencies) = postProject
		{7000D75D-4B4B-43D9-A99D-C34805558D52} = {7000D75D-4B4B-43D9-A99D-C34805558D52}
	EndProjectSection
EndProject
Project("{8BC9CEB8-8B4A-11D0-8D11-00A0C91BC942}") = "test_debug", "test_debug\test_debug.vcxproj", "{329F9D53-524A-42AA-A34A-B53C6F31ADB7}"
	ProjectSection(ProjectDependencies) = postProject
		{7000D75D-4B4B-43D9-A99D-C34805558D52} = {7000D75D-4B4B-43D9-A99D-C34805558D52}
	EndProjectSection
EndProject
Project("{8BC9CEB8-8B4A-11D0-8D11-00A0C91BC942}") = "test_Flags", "test_Flags\test_Flags.vcxproj", "{DA68AA3C-C8DD-43B3-BA21-CA308B70C936}"
	ProjectSection(ProjectDependencies) = postProject
		{7000D75D-4B4B-43D9-A99D-C34805558D52} = {7000D75D-4B4B-43D9-A99D-C34805558D52}
	EndProjectSection
EndProject
Project("{8BC9CEB8-8B4A-11D0-8D11-00A0C91BC942}") = "test_Shared", "test_Shared\test_Shared.vcxproj", "{5DBB2806-D987-4982-AF6F-EF5D4E4C1E9B}"
	ProjectSection(ProjectDependencies) = postProject
		{7000D75D-4B4B-43D9-A99D-C34805558D52} = {7000D75D-4B4B-43D9-A99D-C34805558D52}
	EndProjectSection
EndProject
Project("{8BC9CEB8-8B4A-11D0-8D11-00A0C91BC942}") = "test_util", "test_util\test_util.vcxproj", "{B91DD5C8-2F2E-4CA0-9131-C5C0767DAA6D}"
	ProjectSection(ProjectDependencies) = postProject
		{7000D75D-4B4B-43D9-A99D-C34805558D52} = {7000D75D-4B4B-43D9-A99D-C34805558D52}
	EndProjectSection
EndProject
Project("{8BC9CEB8-8B4A-11D0-8D11-00A0C91BC942}") = "test_string", "test_string\test_string.vcxproj", "{C66A9E6F-07E5-4D88-9968-C20634A96D67}"
EndProject
Project("{8BC9CEB8-8B4A-11D0-8D11-00A0C91BC942}") = "test_tree", "test_tree\test_tree.vcxproj", "{4DB2E5F3-2143-4E6A-A56F-A739A7F548D6}"
	ProjectSection(ProjectDependencies) = postProject
		{7000D75D-4B4B-43D9-A99D-C34805558D52} = {7000D75D-4B4B-43D9-A99D-C34805558D52}
	EndProjectSection
EndProject
Project("{8BC9CEB8-8B4A-11D0-8D11-00A0C91BC942}") = "test_linq", "test_linq\test_linq.vcxproj", "{F7D7C514-7779-4D90-A535-AB0B178ADAA2}"
	ProjectSection(ProjectDependencies) = postProject
		{7000D75D-4B4B-43D9-A99D-C34805558D52} = {7000D75D-4B4B-43D9-A99D-C34805558D52}
	EndProjectSection
EndProject
Project("{8BC9CEB8-8B4A-11D0-8D11-00A0C91BC942}") = "test_types", "test_types\test_types.vcxproj", "{E4AEF436-2E32-4456-9591-993EDA29EFD5}"
	ProjectSection(ProjectDependencies) = postProject
		{7000D75D-4B4B-43D9-A99D-C34805558D52} = {7000D75D-4B4B-43D9-A99D-C34805558D52}
	EndProjectSection
EndProject
Project("{8BC9CEB8-8B4A-11D0-8D11-00A0C91BC942}") = "clargs", "clargs\clargs.vcxproj", "{54267CD6-9EEB-46A0-B7AF-75682E184831}"
EndProject
Project("{8BC9CEB8-8B4A-11D0-8D11-00A0C91BC942}") = "tst", "tst\tst.vcxproj", "{534516A6-03CC-4128-A6D9-31FA91F0CCB3}"
EndProject
Project("{8BC9CEB8-8B4A-11D0-8D11-00A0C91BC942}") = "unit_tests", "unit_tests\unit_tests.vcxproj", "{EE7EF8BC-FDA0-4BE6-887C-459AD602C1B9}"
EndProject
Global
	GlobalSection(SolutionConfigurationPlatforms) = preSolution
		Debug|x64 = Debug|x64
		Debug|x86 = Debug|x86
		Release|x64 = Release|x64
		Release|x86 = Release|x86
		v140_Debug|x64 = v140_Debug|x64
		v140_Debug|x86 = v140_Debug|x86
		v140_Release|x64 = v140_Release|x64
		v140_Release|x86 = v140_Release|x86
		v141_Debug|x64 = v141_Debug|x64
		v141_Debug|x86 = v141_Debug|x86
		v141_Release|x64 = v141_Release|x64
		v141_Release|x86 = v141_Release|x86
		v142_Debug_MD|x64 = v142_Debug_MD|x64
		v142_Debug_MD|x86 = v142_Debug_MD|x86
		v142_Debug_MT|x64 = v142_Debug_MT|x64
		v142_Debug_MT|x86 = v142_Debug_MT|x86
		v142_Release_MD|x64 = v142_Release_MD|x64
		v142_Release_MD|x86 = v142_Release_MD|x86
		v142_Release_MT|x64 = v142_Release_MT|x64
		v142_Release_MT|x86 = v142_Release_MT|x86
	EndGlobalSection
	GlobalSection(ProjectConfigurationPlatforms) = postSolution
		{7000D75D-4B4B-43D9-A99D-C34805558D52}.Debug|x64.ActiveCfg = v142_Debug_MD|x64
		{7000D75D-4B4B-43D9-A99D-C34805558D52}.Debug|x64.Build.0 = v142_Debug_MD|x64
		{7000D75D-4B4B-43D9-A99D-C34805558D52}.Debug|x86.ActiveCfg = v142_Debug_MD|Win32
		{7000D75D-4B4B-43D9-A99D-C34805558D52}.Debug|x86.Build.0 = v142_Debug_MD|Win32
		{7000D75D-4B4B-43D9-A99D-C34805558D52}.Release|x64.ActiveCfg = v142_Release_MD|x64
		{7000D75D-4B4B-43D9-A99D-C34805558D52}.Release|x64.Build.0 = v142_Release_MD|x64
		{7000D75D-4B4B-43D9-A99D-C34805558D52}.Release|x86.ActiveCfg = v142_Release_MD|Win32
		{7000D75D-4B4B-43D9-A99D-C34805558D52}.Release|x86.Build.0 = v142_Release_MD|Win32
		{7000D75D-4B4B-43D9-A99D-C34805558D52}.v140_Debug|x64.ActiveCfg = v140_Debug|x64
		{7000D75D-4B4B-43D9-A99D-C34805558D52}.v140_Debug|x64.Build.0 = v140_Debug|x64
		{7000D75D-4B4B-43D9-A99D-C34805558D52}.v140_Debug|x86.ActiveCfg = v140_Debug|Win32
		{7000D75D-4B4B-43D9-A99D-C34805558D52}.v140_Debug|x86.Build.0 = v140_Debug|Win32
		{7000D75D-4B4B-43D9-A99D-C34805558D52}.v140_Release|x64.ActiveCfg = v140_Release|x64
		{7000D75D-4B4B-43D9-A99D-C34805558D52}.v140_Release|x64.Build.0 = v140_Release|x64
		{7000D75D-4B4B-43D9-A99D-C34805558D52}.v140_Release|x86.ActiveCfg = v140_Release|Win32
		{7000D75D-4B4B-43D9-A99D-C34805558D52}.v140_Release|x86.Build.0 = v140_Release|Win32
		{7000D75D-4B4B-43D9-A99D-C34805558D52}.v141_Debug|x64.ActiveCfg = v141_Debug|x64
		{7000D75D-4B4B-43D9-A99D-C34805558D52}.v141_Debug|x64.Build.0 = v141_Debug|x64
		{7000D75D-4B4B-43D9-A99D-C34805558D52}.v141_Debug|x86.ActiveCfg = v141_Debug|Win32
		{7000D75D-4B4B-43D9-A99D-C34805558D52}.v141_Debug|x86.Build.0 = v141_Debug|Win32
		{7000D75D-4B4B-43D9-A99D-C34805558D52}.v141_Release|x64.ActiveCfg = v141_Release|x64
		{7000D75D-4B4B-43D9-A99D-C34805558D52}.v141_Release|x64.Build.0 = v141_Release|x64
		{7000D75D-4B4B-43D9-A99D-C34805558D52}.v141_Release|x86.ActiveCfg = v141_Release|Win32
		{7000D75D-4B4B-43D9-A99D-C34805558D52}.v141_Release|x86.Build.0 = v141_Release|Win32
		{7000D75D-4B4B-43D9-A99D-C34805558D52}.v142_Debug_MD|x64.ActiveCfg = v142_Debug_MD|x64
		{7000D75D-4B4B-43D9-A99D-C34805558D52}.v142_Debug_MD|x64.Build.0 = v142_Debug_MD|x64
		{7000D75D-4B4B-43D9-A99D-C34805558D52}.v142_Debug_MD|x86.ActiveCfg = v142_Debug_MD|Win32
		{7000D75D-4B4B-43D9-A99D-C34805558D52}.v142_Debug_MD|x86.Build.0 = v142_Debug_MD|Win32
		{7000D75D-4B4B-43D9-A99D-C34805558D52}.v142_Debug_MT|x64.ActiveCfg = v142_Debug_MT|x64
		{7000D75D-4B4B-43D9-A99D-C34805558D52}.v142_Debug_MT|x64.Build.0 = v142_Debug_MT|x64
		{7000D75D-4B4B-43D9-A99D-C34805558D52}.v142_Debug_MT|x86.ActiveCfg = v142_Debug_MT|Win32
		{7000D75D-4B4B-43D9-A99D-C34805558D52}.v142_Debug_MT|x86.Build.0 = v142_Debug_MT|Win32
		{7000D75D-4B4B-43D9-A99D-C34805558D52}.v142_Release_MD|x64.ActiveCfg = v142_Release_MD|x64
		{7000D75D-4B4B-43D9-A99D-C34805558D52}.v142_Release_MD|x64.Build.0 = v142_Release_MD|x64
		{7000D75D-4B4B-43D9-A99D-C34805558D52}.v142_Release_MD|x86.ActiveCfg = v142_Release_MD|Win32
		{7000D75D-4B4B-43D9-A99D-C34805558D52}.v142_Release_MD|x86.Build.0 = v142_Release_MD|Win32
		{7000D75D-4B4B-43D9-A99D-C34805558D52}.v142_Release_MT|x64.ActiveCfg = v142_Release_MT|x64
		{7000D75D-4B4B-43D9-A99D-C34805558D52}.v142_Release_MT|x64.Build.0 = v142_Release_MT|x64
		{7000D75D-4B4B-43D9-A99D-C34805558D52}.v142_Release_MT|x86.ActiveCfg = v142_Release_MT|Win32
		{7000D75D-4B4B-43D9-A99D-C34805558D52}.v142_Release_MT|x86.Build.0 = v142_Release_MT|Win32
		{E754668D-7C2D-449B-8AED-AA93DCD48232}.Debug|x64.ActiveCfg = v142_Debug_MT|x64
		{E754668D-7C2D-449B-8AED-AA93DCD48232}.Debug|x64.Build.0 = v142_Debug_MT|x64
		{E754668D-7C2D-449B-8AED-AA93DCD48232}.Debug|x86.ActiveCfg = v142_Debug_MT|Win32
		{E754668D-7C2D-449B-8AED-AA93DCD48232}.Debug|x86.Build.0 = v142_Debug_MT|Win32
		{E754668D-7C2D-449B-8AED-AA93DCD48232}.Release|x64.ActiveCfg = v142_Release_MT|x64
		{E754668D-7C2D-449B-8AED-AA93DCD48232}.Release|x64.Build.0 = v142_Release_MT|x64
		{E754668D-7C2D-449B-8AED-AA93DCD48232}.Release|x86.ActiveCfg = v142_Release_MT|Win32
		{E754668D-7C2D-449B-8AED-AA93DCD48232}.Release|x86.Build.0 = v142_Release_MT|Win32
		{E754668D-7C2D-449B-8AED-AA93DCD48232}.v140_Debug|x64.ActiveCfg = v140_Debug|x64
		{E754668D-7C2D-449B-8AED-AA93DCD48232}.v140_Debug|x64.Build.0 = v140_Debug|x64
		{E754668D-7C2D-449B-8AED-AA93DCD48232}.v140_Debug|x86.ActiveCfg = v140_Debug|Win32
		{E754668D-7C2D-449B-8AED-AA93DCD48232}.v140_Debug|x86.Build.0 = v140_Debug|Win32
		{E754668D-7C2D-449B-8AED-AA93DCD48232}.v140_Release|x64.ActiveCfg = v140_Release|x64
		{E754668D-7C2D-449B-8AED-AA93DCD48232}.v140_Release|x64.Build.0 = v140_Release|x64
		{E754668D-7C2D-449B-8AED-AA93DCD48232}.v140_Release|x86.ActiveCfg = v140_Release|Win32
		{E754668D-7C2D-449B-8AED-AA93DCD48232}.v140_Release|x86.Build.0 = v140_Release|Win32
		{E754668D-7C2D-449B-8AED-AA93DCD48232}.v141_Debug|x64.ActiveCfg = v141_Debug|x64
		{E754668D-7C2D-449B-8AED-AA93DCD48232}.v141_Debug|x64.Build.0 = v141_Debug|x64
		{E754668D-7C2D-449B-8AED-AA93DCD48232}.v141_Debug|x86.ActiveCfg = v141_Debug|Win32
		{E754668D-7C2D-449B-8AED-AA93DCD48232}.v141_Debug|x86.Build.0 = v141_Debug|Win32
		{E754668D-7C2D-449B-8AED-AA93DCD48232}.v141_Release|x64.ActiveCfg = v141_Release|x64
		{E754668D-7C2D-449B-8AED-AA93DCD48232}.v141_Release|x64.Build.0 = v141_Release|x64
		{E754668D-7C2D-449B-8AED-AA93DCD48232}.v141_Release|x86.ActiveCfg = v141_Release|Win32
		{E754668D-7C2D-449B-8AED-AA93DCD48232}.v141_Release|x86.Build.0 = v141_Release|Win32
		{E754668D-7C2D-449B-8AED-AA93DCD48232}.v142_Debug_MD|x64.ActiveCfg = v142_Debug_MD|x64
		{E754668D-7C2D-449B-8AED-AA93DCD48232}.v142_Debug_MD|x64.Build.0 = v142_Debug_MD|x64
		{E754668D-7C2D-449B-8AED-AA93DCD48232}.v142_Debug_MD|x86.ActiveCfg = v142_Debug_MD|Win32
		{E754668D-7C2D-449B-8AED-AA93DCD48232}.v142_Debug_MD|x86.Build.0 = v142_Debug_MD|Win32
		{E754668D-7C2D-449B-8AED-AA93DCD48232}.v142_Debug_MT|x64.ActiveCfg = v142_Debug_MT|x64
		{E754668D-7C2D-449B-8AED-AA93DCD48232}.v142_Debug_MT|x64.Build.0 = v142_Debug_MT|x64
		{E754668D-7C2D-449B-8AED-AA93DCD48232}.v142_Debug_MT|x86.ActiveCfg = v142_Debug_MT|Win32
		{E754668D-7C2D-449B-8AED-AA93DCD48232}.v142_Debug_MT|x86.Build.0 = v142_Debug_MT|Win32
		{E754668D-7C2D-449B-8AED-AA93DCD48232}.v142_Release_MD|x64.ActiveCfg = v142_Release_MD|x64
		{E754668D-7C2D-449B-8AED-AA93DCD48232}.v142_Release_MD|x64.Build.0 = v142_Release_MD|x64
		{E754668D-7C2D-449B-8AED-AA93DCD48232}.v142_Release_MD|x86.ActiveCfg = v142_Release_MD|Win32
		{E754668D-7C2D-449B-8AED-AA93DCD48232}.v142_Release_MD|x86.Build.0 = v142_Release_MD|Win32
		{E754668D-7C2D-449B-8AED-AA93DCD48232}.v142_Release_MT|x64.ActiveCfg = v142_Release_MT|x64
		{E754668D-7C2D-449B-8AED-AA93DCD48232}.v142_Release_MT|x64.Build.0 = v142_Release_MT|x64
		{E754668D-7C2D-449B-8AED-AA93DCD48232}.v142_Release_MT|x86.ActiveCfg = v142_Release_MT|Win32
		{E754668D-7C2D-449B-8AED-AA93DCD48232}.v142_Release_MT|x86.Build.0 = v142_Release_MT|Win32
		{329F9D53-524A-42AA-A34A-B53C6F31ADB7}.Debug|x64.ActiveCfg = v142_Debug_MT|x64
		{329F9D53-524A-42AA-A34A-B53C6F31ADB7}.Debug|x64.Build.0 = v142_Debug_MT|x64
		{329F9D53-524A-42AA-A34A-B53C6F31ADB7}.Debug|x86.ActiveCfg = v142_Debug_MT|Win32
		{329F9D53-524A-42AA-A34A-B53C6F31ADB7}.Debug|x86.Build.0 = v142_Debug_MT|Win32
		{329F9D53-524A-42AA-A34A-B53C6F31ADB7}.Release|x64.ActiveCfg = v142_Release_MT|x64
		{329F9D53-524A-42AA-A34A-B53C6F31ADB7}.Release|x64.Build.0 = v142_Release_MT|x64
		{329F9D53-524A-42AA-A34A-B53C6F31ADB7}.Release|x86.ActiveCfg = v142_Release_MT|Win32
		{329F9D53-524A-42AA-A34A-B53C6F31ADB7}.Release|x86.Build.0 = v142_Release_MT|Win32
		{329F9D53-524A-42AA-A34A-B53C6F31ADB7}.v140_Debug|x64.ActiveCfg = v140_Debug|x64
		{329F9D53-524A-42AA-A34A-B53C6F31ADB7}.v140_Debug|x64.Build.0 = v140_Debug|x64
		{329F9D53-524A-42AA-A34A-B53C6F31ADB7}.v140_Debug|x86.ActiveCfg = v140_Debug|Win32
		{329F9D53-524A-42AA-A34A-B53C6F31ADB7}.v140_Debug|x86.Build.0 = v140_Debug|Win32
		{329F9D53-524A-42AA-A34A-B53C6F31ADB7}.v140_Release|x64.ActiveCfg = v140_Release|x64
		{329F9D53-524A-42AA-A34A-B53C6F31ADB7}.v140_Release|x64.Build.0 = v140_Release|x64
		{329F9D53-524A-42AA-A34A-B53C6F31ADB7}.v140_Release|x86.ActiveCfg = v140_Release|Win32
		{329F9D53-524A-42AA-A34A-B53C6F31ADB7}.v140_Release|x86.Build.0 = v140_Release|Win32
		{329F9D53-524A-42AA-A34A-B53C6F31ADB7}.v141_Debug|x64.ActiveCfg = v141_Debug|x64
		{329F9D53-524A-42AA-A34A-B53C6F31ADB7}.v141_Debug|x64.Build.0 = v141_Debug|x64
		{329F9D53-524A-42AA-A34A-B53C6F31ADB7}.v141_Debug|x86.ActiveCfg = v141_Debug|Win32
		{329F9D53-524A-42AA-A34A-B53C6F31ADB7}.v141_Debug|x86.Build.0 = v141_Debug|Win32
		{329F9D53-524A-42AA-A34A-B53C6F31ADB7}.v141_Release|x64.ActiveCfg = v141_Release|x64
		{329F9D53-524A-42AA-A34A-B53C6F31ADB7}.v141_Release|x64.Build.0 = v141_Release|x64
		{329F9D53-524A-42AA-A34A-B53C6F31ADB7}.v141_Release|x86.ActiveCfg = v141_Release|Win32
		{329F9D53-524A-42AA-A34A-B53C6F31ADB7}.v141_Release|x86.Build.0 = v141_Release|Win32
		{329F9D53-524A-42AA-A34A-B53C6F31ADB7}.v142_Debug_MD|x64.ActiveCfg = v142_Debug_MD|x64
		{329F9D53-524A-42AA-A34A-B53C6F31ADB7}.v142_Debug_MD|x64.Build.0 = v142_Debug_MD|x64
		{329F9D53-524A-42AA-A34A-B53C6F31ADB7}.v142_Debug_MD|x86.ActiveCfg = v142_Debug_MD|Win32
		{329F9D53-524A-42AA-A34A-B53C6F31ADB7}.v142_Debug_MD|x86.Build.0 = v142_Debug_MD|Win32
		{329F9D53-524A-42AA-A34A-B53C6F31ADB7}.v142_Debug_MT|x64.ActiveCfg = v142_Debug_MT|x64
		{329F9D53-524A-42AA-A34A-B53C6F31ADB7}.v142_Debug_MT|x64.Build.0 = v142_Debug_MT|x64
		{329F9D53-524A-42AA-A34A-B53C6F31ADB7}.v142_Debug_MT|x86.ActiveCfg = v142_Debug_MT|Win32
		{329F9D53-524A-42AA-A34A-B53C6F31ADB7}.v142_Debug_MT|x86.Build.0 = v142_Debug_MT|Win32
		{329F9D53-524A-42AA-A34A-B53C6F31ADB7}.v142_Release_MD|x64.ActiveCfg = v142_Release_MD|x64
		{329F9D53-524A-42AA-A34A-B53C6F31ADB7}.v142_Release_MD|x64.Build.0 = v142_Release_MD|x64
		{329F9D53-524A-42AA-A34A-B53C6F31ADB7}.v142_Release_MD|x86.ActiveCfg = v142_Release_MD|Win32
		{329F9D53-524A-42AA-A34A-B53C6F31ADB7}.v142_Release_MD|x86.Build.0 = v142_Release_MD|Win32
		{329F9D53-524A-42AA-A34A-B53C6F31ADB7}.v142_Release_MT|x64.ActiveCfg = v142_Release_MT|x64
		{329F9D53-524A-42AA-A34A-B53C6F31ADB7}.v142_Release_MT|x64.Build.0 = v142_Release_MT|x64
		{329F9D53-524A-42AA-A34A-B53C6F31ADB7}.v142_Release_MT|x86.ActiveCfg = v142_Release_MT|Win32
		{329F9D53-524A-42AA-A34A-B53C6F31ADB7}.v142_Release_MT|x86.Build.0 = v142_Release_MT|Win32
		{DA68AA3C-C8DD-43B3-BA21-CA308B70C936}.Debug|x64.ActiveCfg = v142_Debug_MT|x64
		{DA68AA3C-C8DD-43B3-BA21-CA308B70C936}.Debug|x64.Build.0 = v142_Debug_MT|x64
		{DA68AA3C-C8DD-43B3-BA21-CA308B70C936}.Debug|x86.ActiveCfg = v142_Debug_MT|Win32
		{DA68AA3C-C8DD-43B3-BA21-CA308B70C936}.Debug|x86.Build.0 = v142_Debug_MT|Win32
		{DA68AA3C-C8DD-43B3-BA21-CA308B70C936}.Release|x64.ActiveCfg = v142_Release_MT|x64
		{DA68AA3C-C8DD-43B3-BA21-CA308B70C936}.Release|x64.Build.0 = v142_Release_MT|x64
		{DA68AA3C-C8DD-43B3-BA21-CA308B70C936}.Release|x86.ActiveCfg = v142_Release_MT|Win32
		{DA68AA3C-C8DD-43B3-BA21-CA308B70C936}.Release|x86.Build.0 = v142_Release_MT|Win32
		{DA68AA3C-C8DD-43B3-BA21-CA308B70C936}.v140_Debug|x64.ActiveCfg = v140_Debug|x64
		{DA68AA3C-C8DD-43B3-BA21-CA308B70C936}.v140_Debug|x64.Build.0 = v140_Debug|x64
		{DA68AA3C-C8DD-43B3-BA21-CA308B70C936}.v140_Debug|x86.ActiveCfg = v140_Debug|Win32
		{DA68AA3C-C8DD-43B3-BA21-CA308B70C936}.v140_Debug|x86.Build.0 = v140_Debug|Win32
		{DA68AA3C-C8DD-43B3-BA21-CA308B70C936}.v140_Release|x64.ActiveCfg = v140_Release|x64
		{DA68AA3C-C8DD-43B3-BA21-CA308B70C936}.v140_Release|x64.Build.0 = v140_Release|x64
		{DA68AA3C-C8DD-43B3-BA21-CA308B70C936}.v140_Release|x86.ActiveCfg = v140_Release|Win32
		{DA68AA3C-C8DD-43B3-BA21-CA308B70C936}.v140_Release|x86.Build.0 = v140_Release|Win32
		{DA68AA3C-C8DD-43B3-BA21-CA308B70C936}.v141_Debug|x64.ActiveCfg = v141_Debug|x64
		{DA68AA3C-C8DD-43B3-BA21-CA308B70C936}.v141_Debug|x64.Build.0 = v141_Debug|x64
		{DA68AA3C-C8DD-43B3-BA21-CA308B70C936}.v141_Debug|x86.ActiveCfg = v141_Debug|Win32
		{DA68AA3C-C8DD-43B3-BA21-CA308B70C936}.v141_Debug|x86.Build.0 = v141_Debug|Win32
		{DA68AA3C-C8DD-43B3-BA21-CA308B70C936}.v141_Release|x64.ActiveCfg = v141_Release|x64
		{DA68AA3C-C8DD-43B3-BA21-CA308B70C936}.v141_Release|x64.Build.0 = v141_Release|x64
		{DA68AA3C-C8DD-43B3-BA21-CA308B70C936}.v141_Release|x86.ActiveCfg = v141_Release|Win32
		{DA68AA3C-C8DD-43B3-BA21-CA308B70C936}.v141_Release|x86.Build.0 = v141_Release|Win32
		{DA68AA3C-C8DD-43B3-BA21-CA308B70C936}.v142_Debug_MD|x64.ActiveCfg = v142_Debug_MD|x64
		{DA68AA3C-C8DD-43B3-BA21-CA308B70C936}.v142_Debug_MD|x64.Build.0 = v142_Debug_MD|x64
		{DA68AA3C-C8DD-43B3-BA21-CA308B70C936}.v142_Debug_MD|x86.ActiveCfg = v142_Debug_MD|Win32
		{DA68AA3C-C8DD-43B3-BA21-CA308B70C936}.v142_Debug_MD|x86.Build.0 = v142_Debug_MD|Win32
		{DA68AA3C-C8DD-43B3-BA21-CA308B70C936}.v142_Debug_MT|x64.ActiveCfg = v142_Debug_MT|x64
		{DA68AA3C-C8DD-43B3-BA21-CA308B70C936}.v142_Debug_MT|x64.Build.0 = v142_Debug_MT|x64
		{DA68AA3C-C8DD-43B3-BA21-CA308B70C936}.v142_Debug_MT|x86.ActiveCfg = v142_Debug_MT|Win32
		{DA68AA3C-C8DD-43B3-BA21-CA308B70C936}.v142_Debug_MT|x86.Build.0 = v142_Debug_MT|Win32
		{DA68AA3C-C8DD-43B3-BA21-CA308B70C936}.v142_Release_MD|x64.ActiveCfg = v142_Release_MD|x64
		{DA68AA3C-C8DD-43B3-BA21-CA308B70C936}.v142_Release_MD|x64.Build.0 = v142_Release_MD|x64
		{DA68AA3C-C8DD-43B3-BA21-CA308B70C936}.v142_Release_MD|x86.ActiveCfg = v142_Release_MD|Win32
		{DA68AA3C-C8DD-43B3-BA21-CA308B70C936}.v142_Release_MD|x86.Build.0 = v142_Release_MD|Win32
		{DA68AA3C-C8DD-43B3-BA21-CA308B70C936}.v142_Release_MT|x64.ActiveCfg = v142_Release_MT|x64
		{DA68AA3C-C8DD-43B3-BA21-CA308B70C936}.v142_Release_MT|x64.Build.0 = v142_Release_MT|x64
		{DA68AA3C-C8DD-43B3-BA21-CA308B70C936}.v142_Release_MT|x86.ActiveCfg = v142_Release_MT|Win32
		{DA68AA3C-C8DD-43B3-BA21-CA308B70C936}.v142_Release_MT|x86.Build.0 = v142_Release_MT|Win32
		{5DBB2806-D987-4982-AF6F-EF5D4E4C1E9B}.Debug|x64.ActiveCfg = v142_Debug_MT|x64
		{5DBB2806-D987-4982-AF6F-EF5D4E4C1E9B}.Debug|x64.Build.0 = v142_Debug_MT|x64
		{5DBB2806-D987-4982-AF6F-EF5D4E4C1E9B}.Debug|x86.ActiveCfg = v142_Debug_MT|Win32
		{5DBB2806-D987-4982-AF6F-EF5D4E4C1E9B}.Debug|x86.Build.0 = v142_Debug_MT|Win32
		{5DBB2806-D987-4982-AF6F-EF5D4E4C1E9B}.Release|x64.ActiveCfg = v142_Release_MT|x64
		{5DBB2806-D987-4982-AF6F-EF5D4E4C1E9B}.Release|x64.Build.0 = v142_Release_MT|x64
		{5DBB2806-D987-4982-AF6F-EF5D4E4C1E9B}.Release|x86.ActiveCfg = v142_Release_MT|Win32
		{5DBB2806-D987-4982-AF6F-EF5D4E4C1E9B}.Release|x86.Build.0 = v142_Release_MT|Win32
		{5DBB2806-D987-4982-AF6F-EF5D4E4C1E9B}.v140_Debug|x64.ActiveCfg = v140_Debug|x64
		{5DBB2806-D987-4982-AF6F-EF5D4E4C1E9B}.v140_Debug|x64.Build.0 = v140_Debug|x64
		{5DBB2806-D987-4982-AF6F-EF5D4E4C1E9B}.v140_Debug|x86.ActiveCfg = v140_Debug|Win32
		{5DBB2806-D987-4982-AF6F-EF5D4E4C1E9B}.v140_Debug|x86.Build.0 = v140_Debug|Win32
		{5DBB2806-D987-4982-AF6F-EF5D4E4C1E9B}.v140_Release|x64.ActiveCfg = v140_Release|x64
		{5DBB2806-D987-4982-AF6F-EF5D4E4C1E9B}.v140_Release|x64.Build.0 = v140_Release|x64
		{5DBB2806-D987-4982-AF6F-EF5D4E4C1E9B}.v140_Release|x86.ActiveCfg = v140_Release|Win32
		{5DBB2806-D987-4982-AF6F-EF5D4E4C1E9B}.v140_Release|x86.Build.0 = v140_Release|Win32
		{5DBB2806-D987-4982-AF6F-EF5D4E4C1E9B}.v141_Debug|x64.ActiveCfg = v141_Debug|x64
		{5DBB2806-D987-4982-AF6F-EF5D4E4C1E9B}.v141_Debug|x64.Build.0 = v141_Debug|x64
		{5DBB2806-D987-4982-AF6F-EF5D4E4C1E9B}.v141_Debug|x86.ActiveCfg = v141_Debug|Win32
		{5DBB2806-D987-4982-AF6F-EF5D4E4C1E9B}.v141_Debug|x86.Build.0 = v141_Debug|Win32
		{5DBB2806-D987-4982-AF6F-EF5D4E4C1E9B}.v141_Release|x64.ActiveCfg = v141_Release|x64
		{5DBB2806-D987-4982-AF6F-EF5D4E4C1E9B}.v141_Release|x64.Build.0 = v141_Release|x64
		{5DBB2806-D987-4982-AF6F-EF5D4E4C1E9B}.v141_Release|x86.ActiveCfg = v141_Release|Win32
		{5DBB2806-D987-4982-AF6F-EF5D4E4C1E9B}.v141_Release|x86.Build.0 = v141_Release|Win32
		{5DBB2806-D987-4982-AF6F-EF5D4E4C1E9B}.v142_Debug_MD|x64.ActiveCfg = v142_Debug_MD|x64
		{5DBB2806-D987-4982-AF6F-EF5D4E4C1E9B}.v142_Debug_MD|x64.Build.0 = v142_Debug_MD|x64
		{5DBB2806-D987-4982-AF6F-EF5D4E4C1E9B}.v142_Debug_MD|x86.ActiveCfg = v142_Debug_MD|Win32
		{5DBB2806-D987-4982-AF6F-EF5D4E4C1E9B}.v142_Debug_MD|x86.Build.0 = v142_Debug_MD|Win32
		{5DBB2806-D987-4982-AF6F-EF5D4E4C1E9B}.v142_Debug_MT|x64.ActiveCfg = v142_Debug_MT|x64
		{5DBB2806-D987-4982-AF6F-EF5D4E4C1E9B}.v142_Debug_MT|x64.Build.0 = v142_Debug_MT|x64
		{5DBB2806-D987-4982-AF6F-EF5D4E4C1E9B}.v142_Debug_MT|x86.ActiveCfg = v142_Debug_MT|Win32
		{5DBB2806-D987-4982-AF6F-EF5D4E4C1E9B}.v142_Debug_MT|x86.Build.0 = v142_Debug_MT|Win32
		{5DBB2806-D987-4982-AF6F-EF5D4E4C1E9B}.v142_Release_MD|x64.ActiveCfg = v142_Release_MD|x64
		{5DBB2806-D987-4982-AF6F-EF5D4E4C1E9B}.v142_Release_MD|x64.Build.0 = v142_Release_MD|x64
		{5DBB2806-D987-4982-AF6F-EF5D4E4C1E9B}.v142_Release_MD|x86.ActiveCfg = v142_Release_MD|Win32
		{5DBB2806-D987-4982-AF6F-EF5D4E4C1E9B}.v142_Release_MD|x86.Build.0 = v142_Release_MD|Win32
		{5DBB2806-D987-4982-AF6F-EF5D4E4C1E9B}.v142_Release_MT|x64.ActiveCfg = v142_Release_MT|x64
		{5DBB2806-D987-4982-AF6F-EF5D4E4C1E9B}.v142_Release_MT|x64.Build.0 = v142_Release_MT|x64
		{5DBB2806-D987-4982-AF6F-EF5D4E4C1E9B}.v142_Release_MT|x86.ActiveCfg = v142_Release_MT|Win32
		{5DBB2806-D987-4982-AF6F-EF5D4E4C1E9B}.v142_Release_MT|x86.Build.0 = v142_Release_MT|Win32
		{B91DD5C8-2F2E-4CA0-9131-C5C0767DAA6D}.Debug|x64.ActiveCfg = v142_Debug_MT|x64
		{B91DD5C8-2F2E-4CA0-9131-C5C0767DAA6D}.Debug|x64.Build.0 = v142_Debug_MT|x64
		{B91DD5C8-2F2E-4CA0-9131-C5C0767DAA6D}.Debug|x86.ActiveCfg = v142_Debug_MT|Win32
		{B91DD5C8-2F2E-4CA0-9131-C5C0767DAA6D}.Debug|x86.Build.0 = v142_Debug_MT|Win32
		{B91DD5C8-2F2E-4CA0-9131-C5C0767DAA6D}.Release|x64.ActiveCfg = v142_Release_MT|x64
		{B91DD5C8-2F2E-4CA0-9131-C5C0767DAA6D}.Release|x64.Build.0 = v142_Release_MT|x64
		{B91DD5C8-2F2E-4CA0-9131-C5C0767DAA6D}.Release|x86.ActiveCfg = v142_Release_MT|Win32
		{B91DD5C8-2F2E-4CA0-9131-C5C0767DAA6D}.Release|x86.Build.0 = v142_Release_MT|Win32
		{B91DD5C8-2F2E-4CA0-9131-C5C0767DAA6D}.v140_Debug|x64.ActiveCfg = v140_Debug|x64
		{B91DD5C8-2F2E-4CA0-9131-C5C0767DAA6D}.v140_Debug|x64.Build.0 = v140_Debug|x64
		{B91DD5C8-2F2E-4CA0-9131-C5C0767DAA6D}.v140_Debug|x86.ActiveCfg = v140_Debug|Win32
		{B91DD5C8-2F2E-4CA0-9131-C5C0767DAA6D}.v140_Debug|x86.Build.0 = v140_Debug|Win32
		{B91DD5C8-2F2E-4CA0-9131-C5C0767DAA6D}.v140_Release|x64.ActiveCfg = v140_Release|x64
		{B91DD5C8-2F2E-4CA0-9131-C5C0767DAA6D}.v140_Release|x64.Build.0 = v140_Release|x64
		{B91DD5C8-2F2E-4CA0-9131-C5C0767DAA6D}.v140_Release|x86.ActiveCfg = v140_Release|Win32
		{B91DD5C8-2F2E-4CA0-9131-C5C0767DAA6D}.v140_Release|x86.Build.0 = v140_Release|Win32
		{B91DD5C8-2F2E-4CA0-9131-C5C0767DAA6D}.v141_Debug|x64.ActiveCfg = v141_Debug|x64
		{B91DD5C8-2F2E-4CA0-9131-C5C0767DAA6D}.v141_Debug|x64.Build.0 = v141_Debug|x64
		{B91DD5C8-2F2E-4CA0-9131-C5C0767DAA6D}.v141_Debug|x86.ActiveCfg = v141_Debug|Win32
		{B91DD5C8-2F2E-4CA0-9131-C5C0767DAA6D}.v141_Debug|x86.Build.0 = v141_Debug|Win32
		{B91DD5C8-2F2E-4CA0-9131-C5C0767DAA6D}.v141_Release|x64.ActiveCfg = v141_Release|x64
		{B91DD5C8-2F2E-4CA0-9131-C5C0767DAA6D}.v141_Release|x64.Build.0 = v141_Release|x64
		{B91DD5C8-2F2E-4CA0-9131-C5C0767DAA6D}.v141_Release|x86.ActiveCfg = v141_Release|Win32
		{B91DD5C8-2F2E-4CA0-9131-C5C0767DAA6D}.v141_Release|x86.Build.0 = v141_Release|Win32
		{B91DD5C8-2F2E-4CA0-9131-C5C0767DAA6D}.v142_Debug_MD|x64.ActiveCfg = v142_Debug_MD|x64
		{B91DD5C8-2F2E-4CA0-9131-C5C0767DAA6D}.v142_Debug_MD|x64.Build.0 = v142_Debug_MD|x64
		{B91DD5C8-2F2E-4CA0-9131-C5C0767DAA6D}.v142_Debug_MD|x86.ActiveCfg = v142_Debug_MD|Win32
		{B91DD5C8-2F2E-4CA0-9131-C5C0767DAA6D}.v142_Debug_MD|x86.Build.0 = v142_Debug_MD|Win32
		{B91DD5C8-2F2E-4CA0-9131-C5C0767DAA6D}.v142_Debug_MT|x64.ActiveCfg = v142_Debug_MT|x64
		{B91DD5C8-2F2E-4CA0-9131-C5C0767DAA6D}.v142_Debug_MT|x64.Build.0 = v142_Debug_MT|x64
		{B91DD5C8-2F2E-4CA0-9131-C5C0767DAA6D}.v142_Debug_MT|x86.ActiveCfg = v142_Debug_MT|Win32
		{B91DD5C8-2F2E-4CA0-9131-C5C0767DAA6D}.v142_Debug_MT|x86.Build.0 = v142_Debug_MT|Win32
		{B91DD5C8-2F2E-4CA0-9131-C5C0767DAA6D}.v142_Release_MD|x64.ActiveCfg = v142_Release_MD|x64
		{B91DD5C8-2F2E-4CA0-9131-C5C0767DAA6D}.v142_Release_MD|x64.Build.0 = v142_Release_MD|x64
		{B91DD5C8-2F2E-4CA0-9131-C5C0767DAA6D}.v142_Release_MD|x86.ActiveCfg = v142_Release_MD|Win32
		{B91DD5C8-2F2E-4CA0-9131-C5C0767DAA6D}.v142_Release_MD|x86.Build.0 = v142_Release_MD|Win32
		{B91DD5C8-2F2E-4CA0-9131-C5C0767DAA6D}.v142_Release_MT|x64.ActiveCfg = v142_Release_MT|x64
		{B91DD5C8-2F2E-4CA0-9131-C5C0767DAA6D}.v142_Release_MT|x64.Build.0 = v142_Release_MT|x64
		{B91DD5C8-2F2E-4CA0-9131-C5C0767DAA6D}.v142_Release_MT|x86.ActiveCfg = v142_Release_MT|Win32
		{B91DD5C8-2F2E-4CA0-9131-C5C0767DAA6D}.v142_Release_MT|x86.Build.0 = v142_Release_MT|Win32
		{C66A9E6F-07E5-4D88-9968-C20634A96D67}.Debug|x64.ActiveCfg = v142_Debug_MT|x64
		{C66A9E6F-07E5-4D88-9968-C20634A96D67}.Debug|x64.Build.0 = v142_Debug_MT|x64
		{C66A9E6F-07E5-4D88-9968-C20634A96D67}.Debug|x86.ActiveCfg = v142_Debug_MT|Win32
		{C66A9E6F-07E5-4D88-9968-C20634A96D67}.Debug|x86.Build.0 = v142_Debug_MT|Win32
		{C66A9E6F-07E5-4D88-9968-C20634A96D67}.Release|x64.ActiveCfg = v142_Release_MT|x64
		{C66A9E6F-07E5-4D88-9968-C20634A96D67}.Release|x64.Build.0 = v142_Release_MT|x64
		{C66A9E6F-07E5-4D88-9968-C20634A96D67}.Release|x86.ActiveCfg = v142_Release_MT|Win32
		{C66A9E6F-07E5-4D88-9968-C20634A96D67}.Release|x86.Build.0 = v142_Release_MT|Win32
		{C66A9E6F-07E5-4D88-9968-C20634A96D67}.v140_Debug|x64.ActiveCfg = v140_Debug|x64
		{C66A9E6F-07E5-4D88-9968-C20634A96D67}.v140_Debug|x64.Build.0 = v140_Debug|x64
		{C66A9E6F-07E5-4D88-9968-C20634A96D67}.v140_Debug|x86.ActiveCfg = v140_Debug|Win32
		{C66A9E6F-07E5-4D88-9968-C20634A96D67}.v140_Debug|x86.Build.0 = v140_Debug|Win32
		{C66A9E6F-07E5-4D88-9968-C20634A96D67}.v140_Release|x64.ActiveCfg = v140_Release|x64
		{C66A9E6F-07E5-4D88-9968-C20634A96D67}.v140_Release|x64.Build.0 = v140_Release|x64
		{C66A9E6F-07E5-4D88-9968-C20634A96D67}.v140_Release|x86.ActiveCfg = v140_Release|Win32
		{C66A9E6F-07E5-4D88-9968-C20634A96D67}.v140_Release|x86.Build.0 = v140_Release|Win32
		{C66A9E6F-07E5-4D88-9968-C20634A96D67}.v141_Debug|x64.ActiveCfg = v141_Debug|x64
		{C66A9E6F-07E5-4D88-9968-C20634A96D67}.v141_Debug|x64.Build.0 = v141_Debug|x64
		{C66A9E6F-07E5-4D88-9968-C20634A96D67}.v141_Debug|x86.ActiveCfg = v141_Debug|Win32
		{C66A9E6F-07E5-4D88-9968-C20634A96D67}.v141_Debug|x86.Build.0 = v141_Debug|Win32
		{C66A9E6F-07E5-4D88-9968-C20634A96D67}.v141_Release|x64.ActiveCfg = v141_Release|x64
		{C66A9E6F-07E5-4D88-9968-C20634A96D67}.v141_Release|x64.Build.0 = v141_Release|x64
		{C66A9E6F-07E5-4D88-9968-C20634A96D67}.v141_Release|x86.ActiveCfg = v141_Release|Win32
		{C66A9E6F-07E5-4D88-9968-C20634A96D67}.v141_Release|x86.Build.0 = v141_Release|Win32
		{C66A9E6F-07E5-4D88-9968-C20634A96D67}.v142_Debug_MD|x64.ActiveCfg = v142_Debug_MD|x64
		{C66A9E6F-07E5-4D88-9968-C20634A96D67}.v142_Debug_MD|x64.Build.0 = v142_Debug_MD|x64
		{C66A9E6F-07E5-4D88-9968-C20634A96D67}.v142_Debug_MD|x86.ActiveCfg = v142_Debug_MD|Win32
		{C66A9E6F-07E5-4D88-9968-C20634A96D67}.v142_Debug_MD|x86.Build.0 = v142_Debug_MD|Win32
		{C66A9E6F-07E5-4D88-9968-C20634A96D67}.v142_Debug_MT|x64.ActiveCfg = v142_Debug_MT|x64
		{C66A9E6F-07E5-4D88-9968-C20634A96D67}.v142_Debug_MT|x64.Build.0 = v142_Debug_MT|x64
		{C66A9E6F-07E5-4D88-9968-C20634A96D67}.v142_Debug_MT|x86.ActiveCfg = v142_Debug_MT|Win32
		{C66A9E6F-07E5-4D88-9968-C20634A96D67}.v142_Debug_MT|x86.Build.0 = v142_Debug_MT|Win32
		{C66A9E6F-07E5-4D88-9968-C20634A96D67}.v142_Release_MD|x64.ActiveCfg = v142_Release_MD|x64
		{C66A9E6F-07E5-4D88-9968-C20634A96D67}.v142_Release_MD|x64.Build.0 = v142_Release_MD|x64
		{C66A9E6F-07E5-4D88-9968-C20634A96D67}.v142_Release_MD|x86.ActiveCfg = v142_Release_MD|Win32
		{C66A9E6F-07E5-4D88-9968-C20634A96D67}.v142_Release_MD|x86.Build.0 = v142_Release_MD|Win32
		{C66A9E6F-07E5-4D88-9968-C20634A96D67}.v142_Release_MT|x64.ActiveCfg = v142_Release_MT|x64
		{C66A9E6F-07E5-4D88-9968-C20634A96D67}.v142_Release_MT|x64.Build.0 = v142_Release_MT|x64
		{C66A9E6F-07E5-4D88-9968-C20634A96D67}.v142_Release_MT|x86.ActiveCfg = v142_Release_MT|Win32
		{C66A9E6F-07E5-4D88-9968-C20634A96D67}.v142_Release_MT|x86.Build.0 = v142_Release_MT|Win32
		{4DB2E5F3-2143-4E6A-A56F-A739A7F548D6}.Debug|x64.ActiveCfg = v142_Debug_MT|x64
		{4DB2E5F3-2143-4E6A-A56F-A739A7F548D6}.Debug|x64.Build.0 = v142_Debug_MT|x64
		{4DB2E5F3-2143-4E6A-A56F-A739A7F548D6}.Debug|x86.ActiveCfg = v142_Debug_MT|Win32
		{4DB2E5F3-2143-4E6A-A56F-A739A7F548D6}.Debug|x86.Build.0 = v142_Debug_MT|Win32
		{4DB2E5F3-2143-4E6A-A56F-A739A7F548D6}.Release|x64.ActiveCfg = v142_Release_MT|x64
		{4DB2E5F3-2143-4E6A-A56F-A739A7F548D6}.Release|x64.Build.0 = v142_Release_MT|x64
		{4DB2E5F3-2143-4E6A-A56F-A739A7F548D6}.Release|x86.ActiveCfg = v142_Release_MT|Win32
		{4DB2E5F3-2143-4E6A-A56F-A739A7F548D6}.Release|x86.Build.0 = v142_Release_MT|Win32
		{4DB2E5F3-2143-4E6A-A56F-A739A7F548D6}.v140_Debug|x64.ActiveCfg = v140_Debug|x64
		{4DB2E5F3-2143-4E6A-A56F-A739A7F548D6}.v140_Debug|x64.Build.0 = v140_Debug|x64
		{4DB2E5F3-2143-4E6A-A56F-A739A7F548D6}.v140_Debug|x86.ActiveCfg = v140_Debug|Win32
		{4DB2E5F3-2143-4E6A-A56F-A739A7F548D6}.v140_Debug|x86.Build.0 = v140_Debug|Win32
		{4DB2E5F3-2143-4E6A-A56F-A739A7F548D6}.v140_Release|x64.ActiveCfg = v140_Release|x64
		{4DB2E5F3-2143-4E6A-A56F-A739A7F548D6}.v140_Release|x64.Build.0 = v140_Release|x64
		{4DB2E5F3-2143-4E6A-A56F-A739A7F548D6}.v140_Release|x86.ActiveCfg = v140_Release|Win32
		{4DB2E5F3-2143-4E6A-A56F-A739A7F548D6}.v140_Release|x86.Build.0 = v140_Release|Win32
		{4DB2E5F3-2143-4E6A-A56F-A739A7F548D6}.v141_Debug|x64.ActiveCfg = v141_Debug|x64
		{4DB2E5F3-2143-4E6A-A56F-A739A7F548D6}.v141_Debug|x64.Build.0 = v141_Debug|x64
		{4DB2E5F3-2143-4E6A-A56F-A739A7F548D6}.v141_Debug|x86.ActiveCfg = v141_Debug|Win32
		{4DB2E5F3-2143-4E6A-A56F-A739A7F548D6}.v141_Debug|x86.Build.0 = v141_Debug|Win32
		{4DB2E5F3-2143-4E6A-A56F-A739A7F548D6}.v141_Release|x64.ActiveCfg = v141_Release|x64
		{4DB2E5F3-2143-4E6A-A56F-A739A7F548D6}.v141_Release|x64.Build.0 = v141_Release|x64
		{4DB2E5F3-2143-4E6A-A56F-A739A7F548D6}.v141_Release|x86.ActiveCfg = v141_Release|Win32
		{4DB2E5F3-2143-4E6A-A56F-A739A7F548D6}.v141_Release|x86.Build.0 = v141_Release|Win32
		{4DB2E5F3-2143-4E6A-A56F-A739A7F548D6}.v142_Debug_MD|x64.ActiveCfg = v142_Debug_MD|x64
		{4DB2E5F3-2143-4E6A-A56F-A739A7F548D6}.v142_Debug_MD|x64.Build.0 = v142_Debug_MD|x64
		{4DB2E5F3-2143-4E6A-A56F-A739A7F548D6}.v142_Debug_MD|x86.ActiveCfg = v142_Debug_MD|Win32
		{4DB2E5F3-2143-4E6A-A56F-A739A7F548D6}.v142_Debug_MD|x86.Build.0 = v142_Debug_MD|Win32
		{4DB2E5F3-2143-4E6A-A56F-A739A7F548D6}.v142_Debug_MT|x64.ActiveCfg = v142_Debug_MT|x64
		{4DB2E5F3-2143-4E6A-A56F-A739A7F548D6}.v142_Debug_MT|x64.Build.0 = v142_Debug_MT|x64
		{4DB2E5F3-2143-4E6A-A56F-A739A7F548D6}.v142_Debug_MT|x86.ActiveCfg = v142_Debug_MT|Win32
		{4DB2E5F3-2143-4E6A-A56F-A739A7F548D6}.v142_Debug_MT|x86.Build.0 = v142_Debug_MT|Win32
		{4DB2E5F3-2143-4E6A-A56F-A739A7F548D6}.v142_Release_MD|x64.ActiveCfg = v142_Release_MD|x64
		{4DB2E5F3-2143-4E6A-A56F-A739A7F548D6}.v142_Release_MD|x64.Build.0 = v142_Release_MD|x64
		{4DB2E5F3-2143-4E6A-A56F-A739A7F548D6}.v142_Release_MD|x86.ActiveCfg = v142_Release_MD|Win32
		{4DB2E5F3-2143-4E6A-A56F-A739A7F548D6}.v142_Release_MD|x86.Build.0 = v142_Release_MD|Win32
		{4DB2E5F3-2143-4E6A-A56F-A739A7F548D6}.v142_Release_MT|x64.ActiveCfg = v142_Release_MT|x64
		{4DB2E5F3-2143-4E6A-A56F-A739A7F548D6}.v142_Release_MT|x64.Build.0 = v142_Release_MT|x64
		{4DB2E5F3-2143-4E6A-A56F-A739A7F548D6}.v142_Release_MT|x86.ActiveCfg = v142_Release_MT|Win32
		{4DB2E5F3-2143-4E6A-A56F-A739A7F548D6}.v142_Release_MT|x86.Build.0 = v142_Release_MT|Win32
		{F7D7C514-7779-4D90-A535-AB0B178ADAA2}.Debug|x64.ActiveCfg = v142_Debug_MT|x64
		{F7D7C514-7779-4D90-A535-AB0B178ADAA2}.Debug|x64.Build.0 = v142_Debug_MT|x64
		{F7D7C514-7779-4D90-A535-AB0B178ADAA2}.Debug|x86.ActiveCfg = v142_Debug_MT|Win32
		{F7D7C514-7779-4D90-A535-AB0B178ADAA2}.Debug|x86.Build.0 = v142_Debug_MT|Win32
		{F7D7C514-7779-4D90-A535-AB0B178ADAA2}.Release|x64.ActiveCfg = v142_Release_MT|x64
		{F7D7C514-7779-4D90-A535-AB0B178ADAA2}.Release|x64.Build.0 = v142_Release_MT|x64
		{F7D7C514-7779-4D90-A535-AB0B178ADAA2}.Release|x86.ActiveCfg = v142_Release_MT|Win32
		{F7D7C514-7779-4D90-A535-AB0B178ADAA2}.Release|x86.Build.0 = v142_Release_MT|Win32
		{F7D7C514-7779-4D90-A535-AB0B178ADAA2}.v140_Debug|x64.ActiveCfg = v142_Debug_MD|x64
		{F7D7C514-7779-4D90-A535-AB0B178ADAA2}.v140_Debug|x64.Build.0 = v142_Debug_MD|x64
		{F7D7C514-7779-4D90-A535-AB0B178ADAA2}.v140_Debug|x86.ActiveCfg = v142_Debug_MT|Win32
		{F7D7C514-7779-4D90-A535-AB0B178ADAA2}.v140_Debug|x86.Build.0 = v142_Debug_MT|Win32
		{F7D7C514-7779-4D90-A535-AB0B178ADAA2}.v140_Release|x64.ActiveCfg = v142_Release_MD|x64
		{F7D7C514-7779-4D90-A535-AB0B178ADAA2}.v140_Release|x64.Build.0 = v142_Release_MD|x64
		{F7D7C514-7779-4D90-A535-AB0B178ADAA2}.v140_Release|x86.ActiveCfg = v142_Release_MT|Win32
		{F7D7C514-7779-4D90-A535-AB0B178ADAA2}.v140_Release|x86.Build.0 = v142_Release_MT|Win32
		{F7D7C514-7779-4D90-A535-AB0B178ADAA2}.v141_Debug|x64.ActiveCfg = v141_Debug|x64
		{F7D7C514-7779-4D90-A535-AB0B178ADAA2}.v141_Debug|x64.Build.0 = v141_Debug|x64
		{F7D7C514-7779-4D90-A535-AB0B178ADAA2}.v141_Debug|x86.ActiveCfg = v142_Debug_MT|Win32
		{F7D7C514-7779-4D90-A535-AB0B178ADAA2}.v141_Debug|x86.Build.0 = v142_Debug_MT|Win32
		{F7D7C514-7779-4D90-A535-AB0B178ADAA2}.v141_Release|x64.ActiveCfg = v141_Release|x64
		{F7D7C514-7779-4D90-A535-AB0B178ADAA2}.v141_Release|x64.Build.0 = v141_Release|x64
		{F7D7C514-7779-4D90-A535-AB0B178ADAA2}.v141_Release|x86.ActiveCfg = v142_Release_MT|Win32
		{F7D7C514-7779-4D90-A535-AB0B178ADAA2}.v141_Release|x86.Build.0 = v142_Release_MT|Win32
		{F7D7C514-7779-4D90-A535-AB0B178ADAA2}.v142_Debug_MD|x64.ActiveCfg = v142_Debug_MD|x64
		{F7D7C514-7779-4D90-A535-AB0B178ADAA2}.v142_Debug_MD|x64.Build.0 = v142_Debug_MD|x64
		{F7D7C514-7779-4D90-A535-AB0B178ADAA2}.v142_Debug_MD|x86.ActiveCfg = v142_Debug_MD|Win32
		{F7D7C514-7779-4D90-A535-AB0B178ADAA2}.v142_Debug_MD|x86.Build.0 = v142_Debug_MD|Win32
		{F7D7C514-7779-4D90-A535-AB0B178ADAA2}.v142_Debug_MT|x64.ActiveCfg = v142_Debug_MT|x64
		{F7D7C514-7779-4D90-A535-AB0B178ADAA2}.v142_Debug_MT|x64.Build.0 = v142_Debug_MT|x64
		{F7D7C514-7779-4D90-A535-AB0B178ADAA2}.v142_Debug_MT|x86.ActiveCfg = v142_Debug_MT|Win32
		{F7D7C514-7779-4D90-A535-AB0B178ADAA2}.v142_Debug_MT|x86.Build.0 = v142_Debug_MT|Win32
		{F7D7C514-7779-4D90-A535-AB0B178ADAA2}.v142_Release_MD|x64.ActiveCfg = v142_Release_MD|x64
		{F7D7C514-7779-4D90-A535-AB0B178ADAA2}.v142_Release_MD|x64.Build.0 = v142_Release_MD|x64
		{F7D7C514-7779-4D90-A535-AB0B178ADAA2}.v142_Release_MD|x86.ActiveCfg = v142_Release_MT|Win32
		{F7D7C514-7779-4D90-A535-AB0B178ADAA2}.v142_Release_MD|x86.Build.0 = v142_Release_MT|Win32
		{F7D7C514-7779-4D90-A535-AB0B178ADAA2}.v142_Release_MT|x64.ActiveCfg = v142_Release_MT|x64
		{F7D7C514-7779-4D90-A535-AB0B178ADAA2}.v142_Release_MT|x64.Build.0 = v142_Release_MT|x64
		{F7D7C514-7779-4D90-A535-AB0B178ADAA2}.v142_Release_MT|x86.ActiveCfg = v142_Release_MT|Win32
		{F7D7C514-7779-4D90-A535-AB0B178ADAA2}.v142_Release_MT|x86.Build.0 = v142_Release_MT|Win32
		{E4AEF436-2E32-4456-9591-993EDA29EFD5}.Debug|x64.ActiveCfg = v142_Debug_MD|x64
		{E4AEF436-2E32-4456-9591-993EDA29EFD5}.Debug|x64.Build.0 = v142_Debug_MD|x64
		{E4AEF436-2E32-4456-9591-993EDA29EFD5}.Debug|x86.ActiveCfg = v142_Debug_MD|Win32
		{E4AEF436-2E32-4456-9591-993EDA29EFD5}.Debug|x86.Build.0 = v142_Debug_MD|Win32
		{E4AEF436-2E32-4456-9591-993EDA29EFD5}.Release|x64.ActiveCfg = v142_Release_MD|x64
		{E4AEF436-2E32-4456-9591-993EDA29EFD5}.Release|x64.Build.0 = v142_Release_MD|x64
		{E4AEF436-2E32-4456-9591-993EDA29EFD5}.Release|x86.ActiveCfg = v142_Release_MD|Win32
		{E4AEF436-2E32-4456-9591-993EDA29EFD5}.Release|x86.Build.0 = v142_Release_MD|Win32
		{E4AEF436-2E32-4456-9591-993EDA29EFD5}.v140_Debug|x64.ActiveCfg = v142_Debug_MD|x64
		{E4AEF436-2E32-4456-9591-993EDA29EFD5}.v140_Debug|x64.Build.0 = v142_Debug_MD|x64
		{E4AEF436-2E32-4456-9591-993EDA29EFD5}.v140_Debug|x86.ActiveCfg = v142_Debug_MD|Win32
		{E4AEF436-2E32-4456-9591-993EDA29EFD5}.v140_Debug|x86.Build.0 = v142_Debug_MD|Win32
		{E4AEF436-2E32-4456-9591-993EDA29EFD5}.v140_Release|x64.ActiveCfg = v142_Release_MD|x64
		{E4AEF436-2E32-4456-9591-993EDA29EFD5}.v140_Release|x64.Build.0 = v142_Release_MD|x64
		{E4AEF436-2E32-4456-9591-993EDA29EFD5}.v140_Release|x86.ActiveCfg = v142_Release_MD|Win32
		{E4AEF436-2E32-4456-9591-993EDA29EFD5}.v140_Release|x86.Build.0 = v142_Release_MD|Win32
		{E4AEF436-2E32-4456-9591-993EDA29EFD5}.v141_Debug|x64.ActiveCfg = v141_Debug|x64
		{E4AEF436-2E32-4456-9591-993EDA29EFD5}.v141_Debug|x64.Build.0 = v141_Debug|x64
		{E4AEF436-2E32-4456-9591-993EDA29EFD5}.v141_Debug|x86.ActiveCfg = v142_Debug_MD|Win32
		{E4AEF436-2E32-4456-9591-993EDA29EFD5}.v141_Debug|x86.Build.0 = v142_Debug_MD|Win32
		{E4AEF436-2E32-4456-9591-993EDA29EFD5}.v141_Release|x64.ActiveCfg = v141_Release|x64
		{E4AEF436-2E32-4456-9591-993EDA29EFD5}.v141_Release|x64.Build.0 = v141_Release|x64
		{E4AEF436-2E32-4456-9591-993EDA29EFD5}.v141_Release|x86.ActiveCfg = v142_Release_MD|Win32
		{E4AEF436-2E32-4456-9591-993EDA29EFD5}.v141_Release|x86.Build.0 = v142_Release_MD|Win32
		{E4AEF436-2E32-4456-9591-993EDA29EFD5}.v142_Debug_MD|x64.ActiveCfg = v142_Debug_MD|x64
		{E4AEF436-2E32-4456-9591-993EDA29EFD5}.v142_Debug_MD|x64.Build.0 = v142_Debug_MD|x64
		{E4AEF436-2E32-4456-9591-993EDA29EFD5}.v142_Debug_MD|x86.ActiveCfg = v142_Debug_MD|Win32
		{E4AEF436-2E32-4456-9591-993EDA29EFD5}.v142_Debug_MD|x86.Build.0 = v142_Debug_MD|Win32
		{E4AEF436-2E32-4456-9591-993EDA29EFD5}.v142_Debug_MT|x64.ActiveCfg = v142_Debug_MT|x64
		{E4AEF436-2E32-4456-9591-993EDA29EFD5}.v142_Debug_MT|x64.Build.0 = v142_Debug_MT|x64
		{E4AEF436-2E32-4456-9591-993EDA29EFD5}.v142_Debug_MT|x86.ActiveCfg = v142_Debug_MD|Win32
		{E4AEF436-2E32-4456-9591-993EDA29EFD5}.v142_Debug_MT|x86.Build.0 = v142_Debug_MD|Win32
		{E4AEF436-2E32-4456-9591-993EDA29EFD5}.v142_Release_MD|x64.ActiveCfg = v142_Release_MD|x64
		{E4AEF436-2E32-4456-9591-993EDA29EFD5}.v142_Release_MD|x64.Build.0 = v142_Release_MD|x64
		{E4AEF436-2E32-4456-9591-993EDA29EFD5}.v142_Release_MD|x86.ActiveCfg = v142_Release_MD|Win32
		{E4AEF436-2E32-4456-9591-993EDA29EFD5}.v142_Release_MD|x86.Build.0 = v142_Release_MD|Win32
		{E4AEF436-2E32-4456-9591-993EDA29EFD5}.v142_Release_MT|x64.ActiveCfg = v142_Release_MT|x64
		{E4AEF436-2E32-4456-9591-993EDA29EFD5}.v142_Release_MT|x64.Build.0 = v142_Release_MT|x64
		{E4AEF436-2E32-4456-9591-993EDA29EFD5}.v142_Release_MT|x86.ActiveCfg = v142_Release_MD|Win32
		{E4AEF436-2E32-4456-9591-993EDA29EFD5}.v142_Release_MT|x86.Build.0 = v142_Release_MD|Win32
		{54267CD6-9EEB-46A0-B7AF-75682E184831}.Debug|x64.ActiveCfg = Debug|x64
		{54267CD6-9EEB-46A0-B7AF-75682E184831}.Debug|x64.Build.0 = Debug|x64
		{54267CD6-9EEB-46A0-B7AF-75682E184831}.Debug|x86.ActiveCfg = Debug|Win32
		{54267CD6-9EEB-46A0-B7AF-75682E184831}.Debug|x86.Build.0 = Debug|Win32
		{54267CD6-9EEB-46A0-B7AF-75682E184831}.Release|x64.ActiveCfg = Release|x64
		{54267CD6-9EEB-46A0-B7AF-75682E184831}.Release|x64.Build.0 = Release|x64
		{54267CD6-9EEB-46A0-B7AF-75682E184831}.Release|x86.ActiveCfg = Release|Win32
		{54267CD6-9EEB-46A0-B7AF-75682E184831}.Release|x86.Build.0 = Release|Win32
		{54267CD6-9EEB-46A0-B7AF-75682E184831}.v140_Debug|x64.ActiveCfg = Debug|x64
		{54267CD6-9EEB-46A0-B7AF-75682E184831}.v140_Debug|x64.Build.0 = Debug|x64
		{54267CD6-9EEB-46A0-B7AF-75682E184831}.v140_Debug|x86.ActiveCfg = Debug|Win32
		{54267CD6-9EEB-46A0-B7AF-75682E184831}.v140_Debug|x86.Build.0 = Debug|Win32
		{54267CD6-9EEB-46A0-B7AF-75682E184831}.v140_Release|x64.ActiveCfg = Release|x64
		{54267CD6-9EEB-46A0-B7AF-75682E184831}.v140_Release|x64.Build.0 = Release|x64
		{54267CD6-9EEB-46A0-B7AF-75682E184831}.v140_Release|x86.ActiveCfg = Release|Win32
		{54267CD6-9EEB-46A0-B7AF-75682E184831}.v140_Release|x86.Build.0 = Release|Win32
		{54267CD6-9EEB-46A0-B7AF-75682E184831}.v141_Debug|x64.ActiveCfg = Debug|x64
		{54267CD6-9EEB-46A0-B7AF-75682E184831}.v141_Debug|x64.Build.0 = Debug|x64
		{54267CD6-9EEB-46A0-B7AF-75682E184831}.v141_Debug|x86.ActiveCfg = Debug|Win32
		{54267CD6-9EEB-46A0-B7AF-75682E184831}.v141_Debug|x86.Build.0 = Debug|Win32
		{54267CD6-9EEB-46A0-B7AF-75682E184831}.v141_Release|x64.ActiveCfg = Release|x64
		{54267CD6-9EEB-46A0-B7AF-75682E184831}.v141_Release|x64.Build.0 = Release|x64
		{54267CD6-9EEB-46A0-B7AF-75682E184831}.v141_Release|x86.ActiveCfg = Release|Win32
		{54267CD6-9EEB-46A0-B7AF-75682E184831}.v141_Release|x86.Build.0 = Release|Win32
		{54267CD6-9EEB-46A0-B7AF-75682E184831}.v142_Debug_MD|x64.ActiveCfg = Debug|x64
		{54267CD6-9EEB-46A0-B7AF-75682E184831}.v142_Debug_MD|x64.Build.0 = Debug|x64
		{54267CD6-9EEB-46A0-B7AF-75682E184831}.v142_Debug_MD|x86.ActiveCfg = Debug|Win32
		{54267CD6-9EEB-46A0-B7AF-75682E184831}.v142_Debug_MD|x86.Build.0 = Debug|Win32
		{54267CD6-9EEB-46A0-B7AF-75682E184831}.v142_Debug_MT|x64.ActiveCfg = Debug|x64
		{54267CD6-9EEB-46A0-B7AF-75682E184831}.v142_Debug_MT|x64.Build.0 = Debug|x64
		{54267CD6-9EEB-46A0-B7AF-75682E184831}.v142_Debug_MT|x86.ActiveCfg = Debug|Win32
		{54267CD6-9EEB-46A0-B7AF-75682E184831}.v142_Debug_MT|x86.Build.0 = Debug|Win32
		{54267CD6-9EEB-46A0-B7AF-75682E184831}.v142_Release_MD|x64.ActiveCfg = Release|x64
		{54267CD6-9EEB-46A0-B7AF-75682E184831}.v142_Release_MD|x64.Build.0 = Release|x64
		{54267CD6-9EEB-46A0-B7AF-75682E184831}.v142_Release_MD|x86.ActiveCfg = Release|Win32
		{54267CD6-9EEB-46A0-B7AF-75682E184831}.v142_Release_MD|x86.Build.0 = Release|Win32
		{54267CD6-9EEB-46A0-B7AF-75682E184831}.v142_Release_MT|x64.ActiveCfg = Release|x64
		{54267CD6-9EEB-46A0-B7AF-75682E184831}.v142_Release_MT|x64.Build.0 = Release|x64
		{54267CD6-9EEB-46A0-B7AF-75682E184831}.v142_Release_MT|x86.ActiveCfg = Release|Win32
		{54267CD6-9EEB-46A0-B7AF-75682E184831}.v142_Release_MT|x86.Build.0 = Release|Win32
		{534516A6-03CC-4128-A6D9-31FA91F0CCB3}.Debug|x64.ActiveCfg = Debug|x64
		{534516A6-03CC-4128-A6D9-31FA91F0CCB3}.Debug|x64.Build.0 = Debug|x64
		{534516A6-03CC-4128-A6D9-31FA91F0CCB3}.Debug|x86.ActiveCfg = Debug|Win32
		{534516A6-03CC-4128-A6D9-31FA91F0CCB3}.Debug|x86.Build.0 = Debug|Win32
		{534516A6-03CC-4128-A6D9-31FA91F0CCB3}.Release|x64.ActiveCfg = Release|x64
		{534516A6-03CC-4128-A6D9-31FA91F0CCB3}.Release|x64.Build.0 = Release|x64
		{534516A6-03CC-4128-A6D9-31FA91F0CCB3}.Release|x86.ActiveCfg = Release|Win32
		{534516A6-03CC-4128-A6D9-31FA91F0CCB3}.Release|x86.Build.0 = Release|Win32
		{534516A6-03CC-4128-A6D9-31FA91F0CCB3}.v140_Debug|x64.ActiveCfg = Debug|x64
		{534516A6-03CC-4128-A6D9-31FA91F0CCB3}.v140_Debug|x64.Build.0 = Debug|x64
		{534516A6-03CC-4128-A6D9-31FA91F0CCB3}.v140_Debug|x86.ActiveCfg = Debug|Win32
		{534516A6-03CC-4128-A6D9-31FA91F0CCB3}.v140_Debug|x86.Build.0 = Debug|Win32
		{534516A6-03CC-4128-A6D9-31FA91F0CCB3}.v140_Release|x64.ActiveCfg = Release|x64
		{534516A6-03CC-4128-A6D9-31FA91F0CCB3}.v140_Release|x64.Build.0 = Release|x64
		{534516A6-03CC-4128-A6D9-31FA91F0CCB3}.v140_Release|x86.ActiveCfg = Release|Win32
		{534516A6-03CC-4128-A6D9-31FA91F0CCB3}.v140_Release|x86.Build.0 = Release|Win32
		{534516A6-03CC-4128-A6D9-31FA91F0CCB3}.v141_Debug|x64.ActiveCfg = Debug|x64
		{534516A6-03CC-4128-A6D9-31FA91F0CCB3}.v141_Debug|x64.Build.0 = Debug|x64
		{534516A6-03CC-4128-A6D9-31FA91F0CCB3}.v141_Debug|x86.ActiveCfg = Debug|Win32
		{534516A6-03CC-4128-A6D9-31FA91F0CCB3}.v141_Debug|x86.Build.0 = Debug|Win32
		{534516A6-03CC-4128-A6D9-31FA91F0CCB3}.v141_Release|x64.ActiveCfg = Release|x64
		{534516A6-03CC-4128-A6D9-31FA91F0CCB3}.v141_Release|x64.Build.0 = Release|x64
		{534516A6-03CC-4128-A6D9-31FA91F0CCB3}.v141_Release|x86.ActiveCfg = Release|Win32
		{534516A6-03CC-4128-A6D9-31FA91F0CCB3}.v141_Release|x86.Build.0 = Release|Win32
		{534516A6-03CC-4128-A6D9-31FA91F0CCB3}.v142_Debug_MD|x64.ActiveCfg = Debug|x64
		{534516A6-03CC-4128-A6D9-31FA91F0CCB3}.v142_Debug_MD|x64.Build.0 = Debug|x64
		{534516A6-03CC-4128-A6D9-31FA91F0CCB3}.v142_Debug_MD|x86.ActiveCfg = Debug|Win32
		{534516A6-03CC-4128-A6D9-31FA91F0CCB3}.v142_Debug_MD|x86.Build.0 = Debug|Win32
		{534516A6-03CC-4128-A6D9-31FA91F0CCB3}.v142_Debug_MT|x64.ActiveCfg = Debug|x64
		{534516A6-03CC-4128-A6D9-31FA91F0CCB3}.v142_Debug_MT|x64.Build.0 = Debug|x64
		{534516A6-03CC-4128-A6D9-31FA91F0CCB3}.v142_Debug_MT|x86.ActiveCfg = Debug|Win32
		{534516A6-03CC-4128-A6D9-31FA91F0CCB3}.v142_Debug_MT|x86.Build.0 = Debug|Win32
		{534516A6-03CC-4128-A6D9-31FA91F0CCB3}.v142_Release_MD|x64.ActiveCfg = Release|x64
		{534516A6-03CC-4128-A6D9-31FA91F0CCB3}.v142_Release_MD|x64.Build.0 = Release|x64
		{534516A6-03CC-4128-A6D9-31FA91F0CCB3}.v142_Release_MD|x86.ActiveCfg = Release|Win32
		{534516A6-03CC-4128-A6D9-31FA91F0CCB3}.v142_Release_MD|x86.Build.0 = Release|Win32
		{534516A6-03CC-4128-A6D9-31FA91F0CCB3}.v142_Release_MT|x64.ActiveCfg = Release|x64
		{534516A6-03CC-4128-A6D9-31FA91F0CCB3}.v142_Release_MT|x64.Build.0 = Release|x64
		{534516A6-03CC-4128-A6D9-31FA91F0CCB3}.v142_Release_MT|x86.ActiveCfg = Release|Win32
		{534516A6-03CC-4128-A6D9-31FA91F0CCB3}.v142_Release_MT|x86.Build.0 = Release|Win32
		{EE7EF8BC-FDA0-4BE6-887C-459AD602C1B9}.Debug|x64.ActiveCfg = Debug|x64
		{EE7EF8BC-FDA0-4BE6-887C-459AD602C1B9}.Debug|x64.Build.0 = Debug|x64
		{EE7EF8BC-FDA0-4BE6-887C-459AD602C1B9}.Debug|x86.ActiveCfg = Debug|Win32
		{EE7EF8BC-FDA0-4BE6-887C-459AD602C1B9}.Debug|x86.Build.0 = Debug|Win32
		{EE7EF8BC-FDA0-4BE6-887C-459AD602C1B9}.Release|x64.ActiveCfg = Release|x64
		{EE7EF8BC-FDA0-4BE6-887C-459AD602C1B9}.Release|x64.Build.0 = Release|x64
		{EE7EF8BC-FDA0-4BE6-887C-459AD602C1B9}.Release|x86.ActiveCfg = Release|Win32
		{EE7EF8BC-FDA0-4BE6-887C-459AD602C1B9}.Release|x86.Build.0 = Release|Win32
		{EE7EF8BC-FDA0-4BE6-887C-459AD602C1B9}.v140_Debug|x64.ActiveCfg = Debug|x64
		{EE7EF8BC-FDA0-4BE6-887C-459AD602C1B9}.v140_Debug|x64.Build.0 = Debug|x64
		{EE7EF8BC-FDA0-4BE6-887C-459AD602C1B9}.v140_Debug|x86.ActiveCfg = Debug|Win32
		{EE7EF8BC-FDA0-4BE6-887C-459AD602C1B9}.v140_Debug|x86.Build.0 = Debug|Win32
		{EE7EF8BC-FDA0-4BE6-887C-459AD602C1B9}.v140_Release|x64.ActiveCfg = Release|x64
		{EE7EF8BC-FDA0-4BE6-887C-459AD602C1B9}.v140_Release|x64.Build.0 = Release|x64
		{EE7EF8BC-FDA0-4BE6-887C-459AD602C1B9}.v140_Release|x86.ActiveCfg = Release|Win32
		{EE7EF8BC-FDA0-4BE6-887C-459AD602C1B9}.v140_Release|x86.Build.0 = Release|Win32
		{EE7EF8BC-FDA0-4BE6-887C-459AD602C1B9}.v141_Debug|x64.ActiveCfg = Debug|x64
		{EE7EF8BC-FDA0-4BE6-887C-459AD602C1B9}.v141_Debug|x64.Build.0 = Debug|x64
		{EE7EF8BC-FDA0-4BE6-887C-459AD602C1B9}.v141_Debug|x86.ActiveCfg = Debug|Win32
		{EE7EF8BC-FDA0-4BE6-887C-459AD602C1B9}.v141_Debug|x86.Build.0 = Debug|Win32
		{EE7EF8BC-FDA0-4BE6-887C-459AD602C1B9}.v141_Release|x64.ActiveCfg = Release|x64
		{EE7EF8BC-FDA0-4BE6-887C-459AD602C1B9}.v141_Release|x64.Build.0 = Release|x64
		{EE7EF8BC-FDA0-4BE6-887C-459AD602C1B9}.v141_Release|x86.ActiveCfg = Release|Win32
		{EE7EF8BC-FDA0-4BE6-887C-459AD602C1B9}.v141_Release|x86.Build.0 = Release|Win32
		{EE7EF8BC-FDA0-4BE6-887C-459AD602C1B9}.v142_Debug_MD|x64.ActiveCfg = Debug|x64
		{EE7EF8BC-FDA0-4BE6-887C-459AD602C1B9}.v142_Debug_MD|x64.Build.0 = Debug|x64
		{EE7EF8BC-FDA0-4BE6-887C-459AD602C1B9}.v142_Debug_MD|x86.ActiveCfg = Debug|Win32
		{EE7EF8BC-FDA0-4BE6-887C-459AD602C1B9}.v142_Debug_MD|x86.Build.0 = Debug|Win32
		{EE7EF8BC-FDA0-4BE6-887C-459AD602C1B9}.v142_Debug_MT|x64.ActiveCfg = Debug|x64
		{EE7EF8BC-FDA0-4BE6-887C-459AD602C1B9}.v142_Debug_MT|x64.Build.0 = Debug|x64
		{EE7EF8BC-FDA0-4BE6-887C-459AD602C1B9}.v142_Debug_MT|x86.ActiveCfg = Debug|Win32
		{EE7EF8BC-FDA0-4BE6-887C-459AD602C1B9}.v142_Debug_MT|x86.Build.0 = Debug|Win32
		{EE7EF8BC-FDA0-4BE6-887C-459AD602C1B9}.v142_Release_MD|x64.ActiveCfg = Release|x64
		{EE7EF8BC-FDA0-4BE6-887C-459AD602C1B9}.v142_Release_MD|x64.Build.0 = Release|x64
		{EE7EF8BC-FDA0-4BE6-887C-459AD602C1B9}.v142_Release_MD|x86.ActiveCfg = Release|Win32
		{EE7EF8BC-FDA0-4BE6-887C-459AD602C1B9}.v142_Release_MD|x86.Build.0 = Release|Win32
		{EE7EF8BC-FDA0-4BE6-887C-459AD602C1B9}.v142_Release_MT|x64.ActiveCfg = Release|x64
		{EE7EF8BC-FDA0-4BE6-887C-459AD602C1B9}.v142_Release_MT|x64.Build.0 = Release|x64
		{EE7EF8BC-FDA0-4BE6-887C-459AD602C1B9}.v142_Release_MT|x86.ActiveCfg = Release|Win32
		{EE7EF8BC-FDA0-4BE6-887C-459AD602C1B9}.v142_Release_MT|x86.Build.0 = Release|Win32
	EndGlobalSection
	GlobalSection(SolutionProperties) = preSolution
		HideSolutionNode = FALSE
	EndGlobalSection
	GlobalSection(ExtensibilityGlobals) = postSolution
		SolutionGuid = {46A636C2-25C1-48F8-94C6-E385FE3D8CB8}
	EndGlobalSection
EndGlobal
