
Microsoft Visual Studio Solution File, Format Version 12.00
# Visual Studio Version 16
VisualStudioVersion = 16.0.29326.143
MinimumVisualStudioVersion = 10.0.40219.1
Project("{8BC9CEB8-8B4A-11D0-8D11-00A0C91BC942}") = "libutki", "libutki\libutki.vcxproj", "{7000D75D-4B4B-43D9-A99D-C34805558D52}"
EndProject
Project("{8BC9CEB8-8B4A-11D0-8D11-00A0C91BC942}") = "test_Buf", "test_Buf\test_Buf.vcxproj", "{E754668D-7C2D-449B-8AED-AA93DCD48232}"
EndProject
Project("{8BC9CEB8-8B4A-11D0-8D11-00A0C91BC942}") = "test_debug", "test_debug\test_debug.vcxproj", "{329F9D53-524A-42AA-A34A-B53C6F31ADB7}"
EndProject
Project("{8BC9CEB8-8B4A-11D0-8D11-00A0C91BC942}") = "test_Flags", "test_Flags\test_Flags.vcxproj", "{DA68AA3C-C8DD-43B3-BA21-CA308B70C936}"
EndProject
Project("{8BC9CEB8-8B4A-11D0-8D11-00A0C91BC942}") = "test_math", "test_math\test_math.vcxproj", "{E4D115A5-4338-47A7-B1C0-15610E38A2CA}"
EndProject
Project("{8BC9CEB8-8B4A-11D0-8D11-00A0C91BC942}") = "test_PoolStored", "test_PoolStored\test_PoolStored.vcxproj", "{90DD0366-0B1A-4494-8D69-9A0A660102FC}"
EndProject
Project("{8BC9CEB8-8B4A-11D0-8D11-00A0C91BC942}") = "test_Shared", "test_Shared\test_Shared.vcxproj", "{5DBB2806-D987-4982-AF6F-EF5D4E4C1E9B}"
EndProject
Project("{8BC9CEB8-8B4A-11D0-8D11-00A0C91BC942}") = "test_util", "test_util\test_util.vcxproj", "{B91DD5C8-2F2E-4CA0-9131-C5C0767DAA6D}"
EndProject
Project("{8BC9CEB8-8B4A-11D0-8D11-00A0C91BC942}") = "test_string", "test_string\test_string.vcxproj", "{C66A9E6F-07E5-4D88-9968-C20634A96D67}"
EndProject
Global
	GlobalSection(SolutionConfigurationPlatforms) = preSolution
		Debug|x64 = Debug|x64
		Debug|x86 = Debug|x86
		Release|x64 = Release|x64
		Release|x86 = Release|x86
	EndGlobalSection
	GlobalSection(ProjectConfigurationPlatforms) = postSolution
		{7000D75D-4B4B-43D9-A99D-C34805558D52}.Debug|x64.ActiveCfg = Debug|x64
		{7000D75D-4B4B-43D9-A99D-C34805558D52}.Debug|x64.Build.0 = Debug|x64
		{7000D75D-4B4B-43D9-A99D-C34805558D52}.Debug|x86.ActiveCfg = Debug|Win32
		{7000D75D-4B4B-43D9-A99D-C34805558D52}.Debug|x86.Build.0 = Debug|Win32
		{7000D75D-4B4B-43D9-A99D-C34805558D52}.Release|x64.ActiveCfg = Release|x64
		{7000D75D-4B4B-43D9-A99D-C34805558D52}.Release|x64.Build.0 = Release|x64
		{7000D75D-4B4B-43D9-A99D-C34805558D52}.Release|x86.ActiveCfg = Release|Win32
		{7000D75D-4B4B-43D9-A99D-C34805558D52}.Release|x86.Build.0 = Release|Win32
		{E754668D-7C2D-449B-8AED-AA93DCD48232}.Debug|x64.ActiveCfg = Debug|x64
		{E754668D-7C2D-449B-8AED-AA93DCD48232}.Debug|x64.Build.0 = Debug|x64
		{E754668D-7C2D-449B-8AED-AA93DCD48232}.Debug|x86.ActiveCfg = Debug|Win32
		{E754668D-7C2D-449B-8AED-AA93DCD48232}.Debug|x86.Build.0 = Debug|Win32
		{E754668D-7C2D-449B-8AED-AA93DCD48232}.Release|x64.ActiveCfg = Release|x64
		{E754668D-7C2D-449B-8AED-AA93DCD48232}.Release|x64.Build.0 = Release|x64
		{E754668D-7C2D-449B-8AED-AA93DCD48232}.Release|x86.ActiveCfg = Release|Win32
		{E754668D-7C2D-449B-8AED-AA93DCD48232}.Release|x86.Build.0 = Release|Win32
		{329F9D53-524A-42AA-A34A-B53C6F31ADB7}.Debug|x64.ActiveCfg = Debug|x64
		{329F9D53-524A-42AA-A34A-B53C6F31ADB7}.Debug|x64.Build.0 = Debug|x64
		{329F9D53-524A-42AA-A34A-B53C6F31ADB7}.Debug|x86.ActiveCfg = Debug|Win32
		{329F9D53-524A-42AA-A34A-B53C6F31ADB7}.Debug|x86.Build.0 = Debug|Win32
		{329F9D53-524A-42AA-A34A-B53C6F31ADB7}.Release|x64.ActiveCfg = Release|x64
		{329F9D53-524A-42AA-A34A-B53C6F31ADB7}.Release|x64.Build.0 = Release|x64
		{329F9D53-524A-42AA-A34A-B53C6F31ADB7}.Release|x86.ActiveCfg = Release|Win32
		{329F9D53-524A-42AA-A34A-B53C6F31ADB7}.Release|x86.Build.0 = Release|Win32
		{DA68AA3C-C8DD-43B3-BA21-CA308B70C936}.Debug|x64.ActiveCfg = Debug|x64
		{DA68AA3C-C8DD-43B3-BA21-CA308B70C936}.Debug|x64.Build.0 = Debug|x64
		{DA68AA3C-C8DD-43B3-BA21-CA308B70C936}.Debug|x86.ActiveCfg = Debug|Win32
		{DA68AA3C-C8DD-43B3-BA21-CA308B70C936}.Debug|x86.Build.0 = Debug|Win32
		{DA68AA3C-C8DD-43B3-BA21-CA308B70C936}.Release|x64.ActiveCfg = Release|x64
		{DA68AA3C-C8DD-43B3-BA21-CA308B70C936}.Release|x64.Build.0 = Release|x64
		{DA68AA3C-C8DD-43B3-BA21-CA308B70C936}.Release|x86.ActiveCfg = Release|Win32
		{DA68AA3C-C8DD-43B3-BA21-CA308B70C936}.Release|x86.Build.0 = Release|Win32
		{E4D115A5-4338-47A7-B1C0-15610E38A2CA}.Debug|x64.ActiveCfg = Debug|x64
		{E4D115A5-4338-47A7-B1C0-15610E38A2CA}.Debug|x64.Build.0 = Debug|x64
		{E4D115A5-4338-47A7-B1C0-15610E38A2CA}.Debug|x86.ActiveCfg = Debug|Win32
		{E4D115A5-4338-47A7-B1C0-15610E38A2CA}.Debug|x86.Build.0 = Debug|Win32
		{E4D115A5-4338-47A7-B1C0-15610E38A2CA}.Release|x64.ActiveCfg = Release|x64
		{E4D115A5-4338-47A7-B1C0-15610E38A2CA}.Release|x64.Build.0 = Release|x64
		{E4D115A5-4338-47A7-B1C0-15610E38A2CA}.Release|x86.ActiveCfg = Release|Win32
		{E4D115A5-4338-47A7-B1C0-15610E38A2CA}.Release|x86.Build.0 = Release|Win32
		{90DD0366-0B1A-4494-8D69-9A0A660102FC}.Debug|x64.ActiveCfg = Debug|x64
		{90DD0366-0B1A-4494-8D69-9A0A660102FC}.Debug|x64.Build.0 = Debug|x64
		{90DD0366-0B1A-4494-8D69-9A0A660102FC}.Debug|x86.ActiveCfg = Debug|Win32
		{90DD0366-0B1A-4494-8D69-9A0A660102FC}.Debug|x86.Build.0 = Debug|Win32
		{90DD0366-0B1A-4494-8D69-9A0A660102FC}.Release|x64.ActiveCfg = Release|x64
		{90DD0366-0B1A-4494-8D69-9A0A660102FC}.Release|x64.Build.0 = Release|x64
		{90DD0366-0B1A-4494-8D69-9A0A660102FC}.Release|x86.ActiveCfg = Release|Win32
		{90DD0366-0B1A-4494-8D69-9A0A660102FC}.Release|x86.Build.0 = Release|Win32
		{5DBB2806-D987-4982-AF6F-EF5D4E4C1E9B}.Debug|x64.ActiveCfg = Debug|x64
		{5DBB2806-D987-4982-AF6F-EF5D4E4C1E9B}.Debug|x64.Build.0 = Debug|x64
		{5DBB2806-D987-4982-AF6F-EF5D4E4C1E9B}.Debug|x86.ActiveCfg = Debug|Win32
		{5DBB2806-D987-4982-AF6F-EF5D4E4C1E9B}.Debug|x86.Build.0 = Debug|Win32
		{5DBB2806-D987-4982-AF6F-EF5D4E4C1E9B}.Release|x64.ActiveCfg = Release|x64
		{5DBB2806-D987-4982-AF6F-EF5D4E4C1E9B}.Release|x64.Build.0 = Release|x64
		{5DBB2806-D987-4982-AF6F-EF5D4E4C1E9B}.Release|x86.ActiveCfg = Release|Win32
		{5DBB2806-D987-4982-AF6F-EF5D4E4C1E9B}.Release|x86.Build.0 = Release|Win32
		{B91DD5C8-2F2E-4CA0-9131-C5C0767DAA6D}.Debug|x64.ActiveCfg = Debug|x64
		{B91DD5C8-2F2E-4CA0-9131-C5C0767DAA6D}.Debug|x64.Build.0 = Debug|x64
		{B91DD5C8-2F2E-4CA0-9131-C5C0767DAA6D}.Debug|x86.ActiveCfg = Debug|Win32
		{B91DD5C8-2F2E-4CA0-9131-C5C0767DAA6D}.Debug|x86.Build.0 = Debug|Win32
		{B91DD5C8-2F2E-4CA0-9131-C5C0767DAA6D}.Release|x64.ActiveCfg = Release|x64
		{B91DD5C8-2F2E-4CA0-9131-C5C0767DAA6D}.Release|x64.Build.0 = Release|x64
		{B91DD5C8-2F2E-4CA0-9131-C5C0767DAA6D}.Release|x86.ActiveCfg = Release|Win32
		{B91DD5C8-2F2E-4CA0-9131-C5C0767DAA6D}.Release|x86.Build.0 = Release|Win32
		{C66A9E6F-07E5-4D88-9968-C20634A96D67}.Debug|x64.ActiveCfg = Debug|x64
		{C66A9E6F-07E5-4D88-9968-C20634A96D67}.Debug|x64.Build.0 = Debug|x64
		{C66A9E6F-07E5-4D88-9968-C20634A96D67}.Debug|x86.ActiveCfg = Debug|Win32
		{C66A9E6F-07E5-4D88-9968-C20634A96D67}.Debug|x86.Build.0 = Debug|Win32
		{C66A9E6F-07E5-4D88-9968-C20634A96D67}.Release|x64.ActiveCfg = Release|x64
		{C66A9E6F-07E5-4D88-9968-C20634A96D67}.Release|x64.Build.0 = Release|x64
		{C66A9E6F-07E5-4D88-9968-C20634A96D67}.Release|x86.ActiveCfg = Release|Win32
		{C66A9E6F-07E5-4D88-9968-C20634A96D67}.Release|x86.Build.0 = Release|Win32
	EndGlobalSection
	GlobalSection(SolutionProperties) = preSolution
		HideSolutionNode = FALSE
	EndGlobalSection
	GlobalSection(ExtensibilityGlobals) = postSolution
		SolutionGuid = {46A636C2-25C1-48F8-94C6-E385FE3D8CB8}
	EndGlobalSection
EndGlobal
