// !$*UTF8*$!
{
	archiveVersion = 1;
	classes = {
	};
	objectVersion = 46;
	objects = {

/* Begin PBXBuildFile section */
		2C13809D1C0E851300E0ABE1 /* main.m in Sources */ = {isa = PBXBuildFile; fileRef = 2C13809C1C0E851300E0ABE1 /* main.m */; };
		2C1380A01C0E851300E0ABE1 /* AppDelegate.m in Sources */ = {isa = PBXBuildFile; fileRef = 2C13809F1C0E851300E0ABE1 /* AppDelegate.m */; };
		2C1380A31C0E851300E0ABE1 /* ViewController.m in Sources */ = {isa = PBXBuildFile; fileRef = 2C1380A21C0E851300E0ABE1 /* ViewController.m */; };
		2C1380A61C0E851300E0ABE1 /* Main.storyboard in Resources */ = {isa = PBXBuildFile; fileRef = 2C1380A41C0E851300E0ABE1 /* Main.storyboard */; };
		2C1380A81C0E851300E0ABE1 /* Assets.xcassets in Resources */ = {isa = PBXBuildFile; fileRef = 2C1380A71C0E851300E0ABE1 /* Assets.xcassets */; };
		2C1380AB1C0E851300E0ABE1 /* LaunchScreen.storyboard in Resources */ = {isa = PBXBuildFile; fileRef = 2C1380A91C0E851300E0ABE1 /* LaunchScreen.storyboard */; };
		2C1380B31C0E858B00E0ABE1 /* tests.cpp in Sources */ = {isa = PBXBuildFile; fileRef = 2C1380B21C0E858B00E0ABE1 /* tests.cpp */; };
		2C1380B51C0E85A100E0ABE1 /* tests.cpp in Sources */ = {isa = PBXBuildFile; fileRef = 2C1380B41C0E85A100E0ABE1 /* tests.cpp */; };
		2C1380B71C0E85AF00E0ABE1 /* tests.cpp in Sources */ = {isa = PBXBuildFile; fileRef = 2C1380B61C0E85AF00E0ABE1 /* tests.cpp */; };
		2C1380B91C0E85BE00E0ABE1 /* tests.cpp in Sources */ = {isa = PBXBuildFile; fileRef = 2C1380B81C0E85BE00E0ABE1 /* tests.cpp */; };
		2C1380BB1C0E85CD00E0ABE1 /* tests.cpp in Sources */ = {isa = PBXBuildFile; fileRef = 2C1380BA1C0E85CD00E0ABE1 /* tests.cpp */; };
		2C1380BD1C0E85DD00E0ABE1 /* tests.cpp in Sources */ = {isa = PBXBuildFile; fileRef = 2C1380BC1C0E85DD00E0ABE1 /* tests.cpp */; };
		2C1380BF1C0E85ED00E0ABE1 /* tests.cpp in Sources */ = {isa = PBXBuildFile; fileRef = 2C1380BE1C0E85ED00E0ABE1 /* tests.cpp */; };
/* End PBXBuildFile section */

/* Begin PBXFileReference section */
		2C1380981C0E851300E0ABE1 /* tests.app */ = {isa = PBXFileReference; explicitFileType = wrapper.application; includeInIndex = 0; path = tests.app; sourceTree = BUILT_PRODUCTS_DIR; };
		2C13809C1C0E851300E0ABE1 /* main.m */ = {isa = PBXFileReference; lastKnownFileType = sourcecode.c.objc; path = main.m; sourceTree = "<group>"; };
		2C13809E1C0E851300E0ABE1 /* AppDelegate.h */ = {isa = PBXFileReference; lastKnownFileType = sourcecode.c.h; path = AppDelegate.h; sourceTree = "<group>"; };
		2C13809F1C0E851300E0ABE1 /* AppDelegate.m */ = {isa = PBXFileReference; lastKnownFileType = sourcecode.c.objc; path = AppDelegate.m; sourceTree = "<group>"; };
		2C1380A11C0E851300E0ABE1 /* ViewController.h */ = {isa = PBXFileReference; lastKnownFileType = sourcecode.c.h; path = ViewController.h; sourceTree = "<group>"; };
		2C1380A21C0E851300E0ABE1 /* ViewController.m */ = {isa = PBXFileReference; lastKnownFileType = sourcecode.c.objc; path = ViewController.m; sourceTree = "<group>"; };
		2C1380A51C0E851300E0ABE1 /* Base */ = {isa = PBXFileReference; lastKnownFileType = file.storyboard; name = Base; path = Base.lproj/Main.storyboard; sourceTree = "<group>"; };
		2C1380A71C0E851300E0ABE1 /* Assets.xcassets */ = {isa = PBXFileReference; lastKnownFileType = folder.assetcatalog; path = Assets.xcassets; sourceTree = "<group>"; };
		2C1380AA1C0E851300E0ABE1 /* Base */ = {isa = PBXFileReference; lastKnownFileType = file.storyboard; name = Base; path = Base.lproj/LaunchScreen.storyboard; sourceTree = "<group>"; };
		2C1380AC1C0E851300E0ABE1 /* Info.plist */ = {isa = PBXFileReference; lastKnownFileType = text.plist.xml; path = Info.plist; sourceTree = "<group>"; };
		2C1380B21C0E858B00E0ABE1 /* tests.cpp */ = {isa = PBXFileReference; lastKnownFileType = sourcecode.cpp.cpp; name = tests.cpp; path = ../tests/Buf/tests.cpp; sourceTree = "<group>"; };
		2C1380B41C0E85A100E0ABE1 /* tests.cpp */ = {isa = PBXFileReference; lastKnownFileType = sourcecode.cpp.cpp; name = tests.cpp; path = ../tests/debug/tests.cpp; sourceTree = "<group>"; };
		2C1380B61C0E85AF00E0ABE1 /* tests.cpp */ = {isa = PBXFileReference; lastKnownFileType = sourcecode.cpp.cpp; name = tests.cpp; path = ../tests/Flags/tests.cpp; sourceTree = "<group>"; };
		2C1380B81C0E85BE00E0ABE1 /* tests.cpp */ = {isa = PBXFileReference; lastKnownFileType = sourcecode.cpp.cpp; name = tests.cpp; path = ../tests/math/tests.cpp; sourceTree = "<group>"; };
		2C1380BA1C0E85CD00E0ABE1 /* tests.cpp */ = {isa = PBXFileReference; lastKnownFileType = sourcecode.cpp.cpp; name = tests.cpp; path = ../tests/PoolStored/tests.cpp; sourceTree = "<group>"; };
		2C1380BC1C0E85DD00E0ABE1 /* tests.cpp */ = {isa = PBXFileReference; lastKnownFileType = sourcecode.cpp.cpp; name = tests.cpp; path = ../tests/Shared/tests.cpp; sourceTree = "<group>"; };
		2C1380BE1C0E85ED00E0ABE1 /* tests.cpp */ = {isa = PBXFileReference; lastKnownFileType = sourcecode.cpp.cpp; name = tests.cpp; path = ../tests/util/tests.cpp; sourceTree = "<group>"; };
/* End PBXFileReference section */

/* Begin PBXFrameworksBuildPhase section */
		2C1380951C0E851300E0ABE1 /* Frameworks */ = {
			isa = PBXFrameworksBuildPhase;
			buildActionMask = 2147483647;
			files = (
			);
			runOnlyForDeploymentPostprocessing = 0;
		};
/* End PBXFrameworksBuildPhase section */

/* Begin PBXGroup section */
		2C13808F1C0E851300E0ABE1 = {
			isa = PBXGroup;
			children = (
				2C1380BE1C0E85ED00E0ABE1 /* tests.cpp */,
				2C1380BC1C0E85DD00E0ABE1 /* tests.cpp */,
				2C1380BA1C0E85CD00E0ABE1 /* tests.cpp */,
				2C1380B81C0E85BE00E0ABE1 /* tests.cpp */,
				2C1380B61C0E85AF00E0ABE1 /* tests.cpp */,
				2C1380B41C0E85A100E0ABE1 /* tests.cpp */,
				2C1380B21C0E858B00E0ABE1 /* tests.cpp */,
				2C13809A1C0E851300E0ABE1 /* tests */,
				2C1380991C0E851300E0ABE1 /* Products */,
			);
			sourceTree = "<group>";
		};
		2C1380991C0E851300E0ABE1 /* Products */ = {
			isa = PBXGroup;
			children = (
				2C1380981C0E851300E0ABE1 /* tests.app */,
			);
			name = Products;
			sourceTree = "<group>";
		};
		2C13809A1C0E851300E0ABE1 /* tests */ = {
			isa = PBXGroup;
			children = (
				2C13809E1C0E851300E0ABE1 /* AppDelegate.h */,
				2C13809F1C0E851300E0ABE1 /* AppDelegate.m */,
				2C1380A11C0E851300E0ABE1 /* ViewController.h */,
				2C1380A21C0E851300E0ABE1 /* ViewController.m */,
				2C1380A41C0E851300E0ABE1 /* Main.storyboard */,
				2C1380A71C0E851300E0ABE1 /* Assets.xcassets */,
				2C1380A91C0E851300E0ABE1 /* LaunchScreen.storyboard */,
				2C1380AC1C0E851300E0ABE1 /* Info.plist */,
				2C13809B1C0E851300E0ABE1 /* Supporting Files */,
			);
			path = tests;
			sourceTree = "<group>";
		};
		2C13809B1C0E851300E0ABE1 /* Supporting Files */ = {
			isa = PBXGroup;
			children = (
				2C13809C1C0E851300E0ABE1 /* main.m */,
			);
			name = "Supporting Files";
			sourceTree = "<group>";
		};
/* End PBXGroup section */

/* Begin PBXNativeTarget section */
		2C1380971C0E851300E0ABE1 /* tests */ = {
			isa = PBXNativeTarget;
			buildConfigurationList = 2C1380AF1C0E851300E0ABE1 /* Build configuration list for PBXNativeTarget "tests" */;
			buildPhases = (
				2C1380941C0E851300E0ABE1 /* Sources */,
				2C1380951C0E851300E0ABE1 /* Frameworks */,
				2C1380961C0E851300E0ABE1 /* Resources */,
			);
			buildRules = (
			);
			dependencies = (
			);
			name = tests;
			productName = tests;
			productReference = 2C1380981C0E851300E0ABE1 /* tests.app */;
			productType = "com.apple.product-type.application";
		};
/* End PBXNativeTarget section */

/* Begin PBXProject section */
		2C1380901C0E851300E0ABE1 /* Project object */ = {
			isa = PBXProject;
			attributes = {
				LastUpgradeCheck = 0710;
				ORGANIZATIONNAME = "Ivan Gagis";
				TargetAttributes = {
					2C1380971C0E851300E0ABE1 = {
						CreatedOnToolsVersion = 7.1.1;
					};
				};
			};
			buildConfigurationList = 2C1380931C0E851300E0ABE1 /* Build configuration list for PBXProject "tests" */;
			compatibilityVersion = "Xcode 3.2";
			developmentRegion = English;
			hasScannedForEncodings = 0;
			knownRegions = (
				en,
				Base,
			);
			mainGroup = 2C13808F1C0E851300E0ABE1;
			productRefGroup = 2C1380991C0E851300E0ABE1 /* Products */;
			projectDirPath = "";
			projectRoot = "";
			targets = (
				2C1380971C0E851300E0ABE1 /* tests */,
			);
		};
/* End PBXProject section */

/* Begin PBXResourcesBuildPhase section */
		2C1380961C0E851300E0ABE1 /* Resources */ = {
			isa = PBXResourcesBuildPhase;
			buildActionMask = 2147483647;
			files = (
				2C1380AB1C0E851300E0ABE1 /* LaunchScreen.storyboard in Resources */,
				2C1380A81C0E851300E0ABE1 /* Assets.xcassets in Resources */,
				2C1380A61C0E851300E0ABE1 /* Main.storyboard in Resources */,
			);
			runOnlyForDeploymentPostprocessing = 0;
		};
/* End PBXResourcesBuildPhase section */

/* Begin PBXSourcesBuildPhase section */
		2C1380941C0E851300E0ABE1 /* Sources */ = {
			isa = PBXSourcesBuildPhase;
			buildActionMask = 2147483647;
			files = (
				2C1380BF1C0E85ED00E0ABE1 /* tests.cpp in Sources */,
				2C1380BD1C0E85DD00E0ABE1 /* tests.cpp in Sources */,
				2C1380BB1C0E85CD00E0ABE1 /* tests.cpp in Sources */,
				2C1380B91C0E85BE00E0ABE1 /* tests.cpp in Sources */,
				2C1380B71C0E85AF00E0ABE1 /* tests.cpp in Sources */,
				2C1380B51C0E85A100E0ABE1 /* tests.cpp in Sources */,
				2C1380B31C0E858B00E0ABE1 /* tests.cpp in Sources */,
				2C1380A31C0E851300E0ABE1 /* ViewController.m in Sources */,
				2C1380A01C0E851300E0ABE1 /* AppDelegate.m in Sources */,
				2C13809D1C0E851300E0ABE1 /* main.m in Sources */,
			);
			runOnlyForDeploymentPostprocessing = 0;
		};
/* End PBXSourcesBuildPhase section */

/* Begin PBXVariantGroup section */
		2C1380A41C0E851300E0ABE1 /* Main.storyboard */ = {
			isa = PBXVariantGroup;
			children = (
				2C1380A51C0E851300E0ABE1 /* Base */,
			);
			name = Main.storyboard;
			sourceTree = "<group>";
		};
		2C1380A91C0E851300E0ABE1 /* LaunchScreen.storyboard */ = {
			isa = PBXVariantGroup;
			children = (
				2C1380AA1C0E851300E0ABE1 /* Base */,
			);
			name = LaunchScreen.storyboard;
			sourceTree = "<group>";
		};
/* End PBXVariantGroup section */

/* Begin XCBuildConfiguration section */
		2C1380AD1C0E851300E0ABE1 /* Debug */ = {
			isa = XCBuildConfiguration;
			buildSettings = {
				ALWAYS_SEARCH_USER_PATHS = NO;
				CLANG_CXX_LANGUAGE_STANDARD = "gnu++0x";
				CLANG_CXX_LIBRARY = "libc++";
				CLANG_ENABLE_MODULES = YES;
				CLANG_ENABLE_OBJC_ARC = YES;
				CLANG_WARN_BOOL_CONVERSION = YES;
				CLANG_WARN_CONSTANT_CONVERSION = YES;
				CLANG_WARN_DIRECT_OBJC_ISA_USAGE = YES_ERROR;
				CLANG_WARN_EMPTY_BODY = YES;
				CLANG_WARN_ENUM_CONVERSION = YES;
				CLANG_WARN_INT_CONVERSION = YES;
				CLANG_WARN_OBJC_ROOT_CLASS = YES_ERROR;
				CLANG_WARN_UNREACHABLE_CODE = YES;
				CLANG_WARN__DUPLICATE_METHOD_MATCH = YES;
				"CODE_SIGN_IDENTITY[sdk=iphoneos*]" = "iPhone Developer";
				COPY_PHASE_STRIP = NO;
				DEBUG_INFORMATION_FORMAT = dwarf;
				ENABLE_STRICT_OBJC_MSGSEND = YES;
				ENABLE_TESTABILITY = YES;
				GCC_C_LANGUAGE_STANDARD = gnu99;
				GCC_DYNAMIC_NO_PIC = NO;
				GCC_NO_COMMON_BLOCKS = YES;
				GCC_OPTIMIZATION_LEVEL = 0;
				GCC_PREPROCESSOR_DEFINITIONS = (
					"DEBUG=1",
					"$(inherited)",
				);
				GCC_WARN_64_TO_32_BIT_CONVERSION = YES;
				GCC_WARN_ABOUT_RETURN_TYPE = YES_ERROR;
				GCC_WARN_UNDECLARED_SELECTOR = YES;
				GCC_WARN_UNINITIALIZED_AUTOS = YES_AGGRESSIVE;
				GCC_WARN_UNUSED_FUNCTION = YES;
				GCC_WARN_UNUSED_VARIABLE = YES;
				IPHONEOS_DEPLOYMENT_TARGET = 9.1;
				MTL_ENABLE_DEBUG_INFO = YES;
				ONLY_ACTIVE_ARCH = YES;
				SDKROOT = iphoneos;
				TARGETED_DEVICE_FAMILY = "1,2";
			};
			name = Debug;
		};
		2C1380AE1C0E851300E0ABE1 /* Release */ = {
			isa = XCBuildConfiguration;
			buildSettings = {
				ALWAYS_SEARCH_USER_PATHS = NO;
				CLANG_CXX_LANGUAGE_STANDARD = "gnu++0x";
				CLANG_CXX_LIBRARY = "libc++";
				CLANG_ENABLE_MODULES = YES;
				CLANG_ENABLE_OBJC_ARC = YES;
				CLANG_WARN_BOOL_CONVERSION = YES;
				CLANG_WARN_CONSTANT_CONVERSION = YES;
				CLANG_WARN_DIRECT_OBJC_ISA_USAGE = YES_ERROR;
				CLANG_WARN_EMPTY_BODY = YES;
				CLANG_WARN_ENUM_CONVERSION = YES;
				CLANG_WARN_INT_CONVERSION = YES;
				CLANG_WARN_OBJC_ROOT_CLASS = YES_ERROR;
				CLANG_WARN_UNREACHABLE_CODE = YES;
				CLANG_WARN__DUPLICATE_METHOD_MATCH = YES;
				"CODE_SIGN_IDENTITY[sdk=iphoneos*]" = "iPhone Developer";
				COPY_PHASE_STRIP = NO;
				DEBUG_INFORMATION_FORMAT = "dwarf-with-dsym";
				ENABLE_NS_ASSERTIONS = NO;
				ENABLE_STRICT_OBJC_MSGSEND = YES;
				GCC_C_LANGUAGE_STANDARD = gnu99;
				GCC_NO_COMMON_BLOCKS = YES;
				GCC_WARN_64_TO_32_BIT_CONVERSION = YES;
				GCC_WARN_ABOUT_RETURN_TYPE = YES_ERROR;
				GCC_WARN_UNDECLARED_SELECTOR = YES;
				GCC_WARN_UNINITIALIZED_AUTOS = YES_AGGRESSIVE;
				GCC_WARN_UNUSED_FUNCTION = YES;
				GCC_WARN_UNUSED_VARIABLE = YES;
				IPHONEOS_DEPLOYMENT_TARGET = 9.1;
				MTL_ENABLE_DEBUG_INFO = NO;
				SDKROOT = iphoneos;
				TARGETED_DEVICE_FAMILY = "1,2";
				VALIDATE_PRODUCT = YES;
			};
			name = Release;
		};
		2C1380B01C0E851300E0ABE1 /* Debug */ = {
			isa = XCBuildConfiguration;
			buildSettings = {
				ASSETCATALOG_COMPILER_APPICON_NAME = AppIcon;
				INFOPLIST_FILE = tests/Info.plist;
				LD_RUNPATH_SEARCH_PATHS = "$(inherited) @executable_path/Frameworks";
				PRODUCT_BUNDLE_IDENTIFIER = org.igagis.tests;
				PRODUCT_NAME = "$(TARGET_NAME)";
			};
			name = Debug;
		};
		2C1380B11C0E851300E0ABE1 /* Release */ = {
			isa = XCBuildConfiguration;
			buildSettings = {
				ASSETCATALOG_COMPILER_APPICON_NAME = AppIcon;
				INFOPLIST_FILE = tests/Info.plist;
				LD_RUNPATH_SEARCH_PATHS = "$(inherited) @executable_path/Frameworks";
				PRODUCT_BUNDLE_IDENTIFIER = org.igagis.tests;
				PRODUCT_NAME = "$(TARGET_NAME)";
			};
			name = Release;
		};
/* End XCBuildConfiguration section */

/* Begin XCConfigurationList section */
		2C1380931C0E851300E0ABE1 /* Build configuration list for PBXProject "tests" */ = {
			isa = XCConfigurationList;
			buildConfigurations = (
				2C1380AD1C0E851300E0ABE1 /* Debug */,
				2C1380AE1C0E851300E0ABE1 /* Release */,
			);
			defaultConfigurationIsVisible = 0;
			defaultConfigurationName = Release;
		};
		2C1380AF1C0E851300E0ABE1 /* Build configuration list for PBXNativeTarget "tests" */ = {
			isa = XCConfigurationList;
			buildConfigurations = (
				2C1380B01C0E851300E0ABE1 /* Debug */,
				2C1380B11C0E851300E0ABE1 /* Release */,
			);
			defaultConfigurationIsVisible = 0;
			defaultConfigurationName = Release;
		};
/* End XCConfigurationList section */
	};
	rootObject = 2C1380901C0E851300E0ABE1 /* Project object */;
}
